PODS:
  - SwiftSoup (2.4.2)
  - SwiftyJSON (4.3.0)

DEPENDENCIES:
  - SwiftSoup
  - SwiftyJSON (~> 4.0)

SPEC REPOS:
  trunk:
    - SwiftSoup
    - SwiftyJSON

SPEC CHECKSUMS:
  SwiftSoup: 7589ceac3b38cef742a96981cfe2b14ba55ce1e3
  SwiftyJSON: 6faa0040f8b59dead0ee07436cbf76b73c08fd08

PODFILE CHECKSUM: 79ace721416aee432154379ad713dc6dac38ca24

COCOAPODS: 1.11.3
