// !$*UTF8*$!
{
	archiveVersion = 1;
	classes = {
	};
	objectVersion = 55;
	objects = {

/* Begin PBXBuildFile section */
		AC035E9C28910E680068DC7E /* SearchViewModel.swift in Sources */ = {isa = PBXBuildFile; fileRef = AC035E9B28910E680068DC7E /* SearchViewModel.swift */; };
		AC035E9F289120750068DC7E /* UIViewController + Extension.swift in Sources */ = {isa = PBXBuildFile; fileRef = AC035E9E289120750068DC7E /* UIViewController + Extension.swift */; };
		AC035EA1289121FD0068DC7E /* UserInfoViewController.swift in Sources */ = {isa = PBXBuildFile; fileRef = AC035EA0289121FD0068DC7E /* UserInfoViewController.swift */; };
		AC035EA3289122160068DC7E /* UserInfoView.swift in Sources */ = {isa = PBXBuildFile; fileRef = AC035EA2289122160068DC7E /* UserInfoView.swift */; };
		AC035EA62891222C0068DC7E /* UserInfoViewModel.swift in Sources */ = {isa = PBXBuildFile; fileRef = AC035EA52891222C0068DC7E /* UserInfoViewModel.swift */; };
		AC0B89F9289B81D6005BE193 /* SettingView.swift in Sources */ = {isa = PBXBuildFile; fileRef = AC0B89F8289B81D6005BE193 /* SettingView.swift */; };
		AC0E68A228AE04C000575631 /* JsonInfoManager.swift in Sources */ = {isa = PBXBuildFile; fileRef = AC0E68A128AE04C000575631 /* JsonInfoManager.swift */; };
		AC0E68A528AE0E4C00575631 /* Equips.swift in Sources */ = {isa = PBXBuildFile; fileRef = AC0E68A428AE0E4C00575631 /* Equips.swift */; };
		AC2AD53728A9C1780091F675 /* CharacterImageViewModel.swift in Sources */ = {isa = PBXBuildFile; fileRef = AC2AD53628A9C1780091F675 /* CharacterImageViewModel.swift */; };
		AC2C2B5228B313CA00621753 /* EquipedEngrave.swift in Sources */ = {isa = PBXBuildFile; fileRef = AC2C2B5128B313CA00621753 /* EquipedEngrave.swift */; };
		AC2C2B5528B3209B00621753 /* EquipmentEngraveCell.swift in Sources */ = {isa = PBXBuildFile; fileRef = AC2C2B5428B3209B00621753 /* EquipmentEngraveCell.swift */; };
		AC2C2B5728B33A0300621753 /* JSON + Extension.swift in Sources */ = {isa = PBXBuildFile; fileRef = AC2C2B5628B33A0300621753 /* JSON + Extension.swift */; };
		AC2C2B5B28B34CF500621753 /* Accessories.swift in Sources */ = {isa = PBXBuildFile; fileRef = AC2C2B5A28B34CF500621753 /* Accessories.swift */; };
		AC2C2B5D28B3545900621753 /* AvatarView.swift in Sources */ = {isa = PBXBuildFile; fileRef = AC2C2B5C28B3545900621753 /* AvatarView.swift */; };
		AC2C2B5F28B354C300621753 /* AvatarViewModel.swift in Sources */ = {isa = PBXBuildFile; fileRef = AC2C2B5E28B354C300621753 /* AvatarViewModel.swift */; };
		AC2C2B6228B360CE00621753 /* SpecialEquipments.swift in Sources */ = {isa = PBXBuildFile; fileRef = AC2C2B6128B360CE00621753 /* SpecialEquipments.swift */; };
		AC2C2B6C28B3672A00621753 /* AvatarDetailView.swift in Sources */ = {isa = PBXBuildFile; fileRef = AC2C2B6B28B3672A00621753 /* AvatarDetailView.swift */; };
		AC2C2B6E28B3673100621753 /* AvatarDetailViewController.swift in Sources */ = {isa = PBXBuildFile; fileRef = AC2C2B6D28B3673100621753 /* AvatarDetailViewController.swift */; };
		AC2C2B7028B3673700621753 /* AvatarDetailViewModel.swift in Sources */ = {isa = PBXBuildFile; fileRef = AC2C2B6F28B3673700621753 /* AvatarDetailViewModel.swift */; };
		AC2C2B7228B38A5900621753 /* GemCell.swift in Sources */ = {isa = PBXBuildFile; fileRef = AC2C2B7128B38A5900621753 /* GemCell.swift */; };
		AC3FEC132880567800CDE796 /* SearchView.swift in Sources */ = {isa = PBXBuildFile; fileRef = AC3FEC122880567800CDE796 /* SearchView.swift */; };
		AC3FEC152880568400CDE796 /* SearchViewController.swift in Sources */ = {isa = PBXBuildFile; fileRef = AC3FEC142880568400CDE796 /* SearchViewController.swift */; };
		AC3FEC1728805DA400CDE796 /* TabBarViewController.swift in Sources */ = {isa = PBXBuildFile; fileRef = AC3FEC1628805DA400CDE796 /* TabBarViewController.swift */; };
		AC3FEC1A28805DDC00CDE796 /* SettingViewController.swift in Sources */ = {isa = PBXBuildFile; fileRef = AC3FEC1928805DDC00CDE796 /* SettingViewController.swift */; };
		AC3FEC202880697700CDE796 /* MainViewModel.swift in Sources */ = {isa = PBXBuildFile; fileRef = AC3FEC1F2880697700CDE796 /* MainViewModel.swift */; };
		AC3FEC27288071CF00CDE796 /* Container.swift in Sources */ = {isa = PBXBuildFile; fileRef = AC3FEC26288071CF00CDE796 /* Container.swift */; };
		AC3FEC2A2880761300CDE796 /* MainUserTVCell.swift in Sources */ = {isa = PBXBuildFile; fileRef = AC3FEC292880761300CDE796 /* MainUserTVCell.swift */; };
		AC3FEC2C288079BC00CDE796 /* UITableView + Extenstion.swift in Sources */ = {isa = PBXBuildFile; fileRef = AC3FEC2B288079BC00CDE796 /* UITableView + Extenstion.swift */; };
		AC3FEC2E2880F95900CDE796 /* UIImage + Extension.swift in Sources */ = {isa = PBXBuildFile; fileRef = AC3FEC2D2880F95900CDE796 /* UIImage + Extension.swift */; };
		AC50BC9528A4EC0E009F39C5 /* EquipmentsTVCell.swift in Sources */ = {isa = PBXBuildFile; fileRef = AC50BC9428A4EC0E009F39C5 /* EquipmentsTVCell.swift */; };
		AC6CA2942893BC1D0049C12F /* BasicInfoViewController.swift in Sources */ = {isa = PBXBuildFile; fileRef = AC6CA2932893BC1D0049C12F /* BasicInfoViewController.swift */; };
		AC6CA2962893BC270049C12F /* SecondInfoViewController.swift in Sources */ = {isa = PBXBuildFile; fileRef = AC6CA2952893BC270049C12F /* SecondInfoViewController.swift */; };
		AC6CA2982893BC300049C12F /* ThirdInfoViewController.swift in Sources */ = {isa = PBXBuildFile; fileRef = AC6CA2972893BC300049C12F /* ThirdInfoViewController.swift */; };
		AC6CA29A2893BC390049C12F /* FourthInfoViewController.swift in Sources */ = {isa = PBXBuildFile; fileRef = AC6CA2992893BC390049C12F /* FourthInfoViewController.swift */; };
		AC799A8228A50C0D008A2865 /* BasicEquipmentViewController.swift in Sources */ = {isa = PBXBuildFile; fileRef = AC799A8128A50C0D008A2865 /* BasicEquipmentViewController.swift */; };
		AC799A8428A50C1B008A2865 /* AvatarViewController.swift in Sources */ = {isa = PBXBuildFile; fileRef = AC799A8328A50C1B008A2865 /* AvatarViewController.swift */; };
		AC799A8628A50F07008A2865 /* EquipmentsTVCellViewModel.swift in Sources */ = {isa = PBXBuildFile; fileRef = AC799A8528A50F07008A2865 /* EquipmentsTVCellViewModel.swift */; };
		AC799A8828A518F7008A2865 /* BasicEquipmentView.swift in Sources */ = {isa = PBXBuildFile; fileRef = AC799A8728A518F7008A2865 /* BasicEquipmentView.swift */; };
		AC799A8B28A51AB0008A2865 /* CharacterImageViewController.swift in Sources */ = {isa = PBXBuildFile; fileRef = AC799A8A28A51AB0008A2865 /* CharacterImageViewController.swift */; };
		AC799A8D28A51B3E008A2865 /* CharacterImageView.swift in Sources */ = {isa = PBXBuildFile; fileRef = AC799A8C28A51B3E008A2865 /* CharacterImageView.swift */; };
		AC8F11C82881026600D06AA6 /* CrawManager.swift in Sources */ = {isa = PBXBuildFile; fileRef = AC8F11C72881026600D06AA6 /* CrawManager.swift */; };
		AC8F11CA2881059800D06AA6 /* BookmarkTVCell.swift in Sources */ = {isa = PBXBuildFile; fileRef = AC8F11C92881059800D06AA6 /* BookmarkTVCell.swift */; };
		AC8F11CC2881124300D06AA6 /* BookmarkTVCellViewModel.swift in Sources */ = {isa = PBXBuildFile; fileRef = AC8F11CB2881124200D06AA6 /* BookmarkTVCellViewModel.swift */; };
		AC8F11CE28811F9B00D06AA6 /* BookmarkCVCell.swift in Sources */ = {isa = PBXBuildFile; fileRef = AC8F11CD28811F9B00D06AA6 /* BookmarkCVCell.swift */; };
		AC8F11D02881496A00D06AA6 /* BookmarkCVCellViewModel.swift in Sources */ = {isa = PBXBuildFile; fileRef = AC8F11CF2881496A00D06AA6 /* BookmarkCVCellViewModel.swift */; };
		AC8F11D328814F5800D06AA6 /* BookmarkUser.swift in Sources */ = {isa = PBXBuildFile; fileRef = AC8F11D228814F5800D06AA6 /* BookmarkUser.swift */; };
		ACAEF323287FF0D200AE98F1 /* AppDelegate.swift in Sources */ = {isa = PBXBuildFile; fileRef = ACAEF322287FF0D200AE98F1 /* AppDelegate.swift */; };
		ACAEF325287FF0D200AE98F1 /* SceneDelegate.swift in Sources */ = {isa = PBXBuildFile; fileRef = ACAEF324287FF0D200AE98F1 /* SceneDelegate.swift */; };
		ACAEF327287FF0D200AE98F1 /* MainViewController.swift in Sources */ = {isa = PBXBuildFile; fileRef = ACAEF326287FF0D200AE98F1 /* MainViewController.swift */; };
		ACAEF32C287FF0D300AE98F1 /* Assets.xcassets in Resources */ = {isa = PBXBuildFile; fileRef = ACAEF32B287FF0D300AE98F1 /* Assets.xcassets */; };
		ACAEF32F287FF0D300AE98F1 /* LaunchScreen.storyboard in Resources */ = {isa = PBXBuildFile; fileRef = ACAEF32D287FF0D300AE98F1 /* LaunchScreen.storyboard */; };
		ACAEF33A287FF62000AE98F1 /* UserInfo.swift in Sources */ = {isa = PBXBuildFile; fileRef = ACAEF339287FF62000AE98F1 /* UserInfo.swift */; };
		ACAEF33C287FF8F600AE98F1 /* MainInfo.swift in Sources */ = {isa = PBXBuildFile; fileRef = ACAEF33B287FF8F600AE98F1 /* MainInfo.swift */; };
		ACAEF33F287FF91A00AE98F1 /* Stat.swift in Sources */ = {isa = PBXBuildFile; fileRef = ACAEF33E287FF91A00AE98F1 /* Stat.swift */; };
		ACAEF349287FF9A200AE98F1 /* Gem.swift in Sources */ = {isa = PBXBuildFile; fileRef = ACAEF348287FF9A200AE98F1 /* Gem.swift */; };
		ACAEF350287FFA5800AE98F1 /* CardInfo.swift in Sources */ = {isa = PBXBuildFile; fileRef = ACAEF34F287FFA5800AE98F1 /* CardInfo.swift */; };
		ACAEF356287FFA9100AE98F1 /* BattleEquipments.swift in Sources */ = {isa = PBXBuildFile; fileRef = ACAEF355287FFA9100AE98F1 /* BattleEquipments.swift */; };
		ACAEF358287FFA9F00AE98F1 /* EquipmentPart.swift in Sources */ = {isa = PBXBuildFile; fileRef = ACAEF357287FFA9F00AE98F1 /* EquipmentPart.swift */; };
		ACAEF35B287FFB0400AE98F1 /* Avatar.swift in Sources */ = {isa = PBXBuildFile; fileRef = ACAEF35A287FFB0400AE98F1 /* Avatar.swift */; };
		ACAEF35F287FFC4900AE98F1 /* MainView.swift in Sources */ = {isa = PBXBuildFile; fileRef = ACAEF35E287FFC4900AE98F1 /* MainView.swift */; };
		ACAEF362288003A700AE98F1 /* UIColor + Extension.swift in Sources */ = {isa = PBXBuildFile; fileRef = ACAEF361288003A700AE98F1 /* UIColor + Extension.swift */; };
		ACAEF3652880076C00AE98F1 /* BlackHanSans-Regular.ttf in Resources */ = {isa = PBXBuildFile; fileRef = ACAEF3642880076C00AE98F1 /* BlackHanSans-Regular.ttf */; };
		ACAEF3692880077C00AE98F1 /* ONE-Mobile-Bold.ttf in Resources */ = {isa = PBXBuildFile; fileRef = ACAEF3662880077C00AE98F1 /* ONE-Mobile-Bold.ttf */; };
		ACAEF36A2880077C00AE98F1 /* ONE-Mobile-Light.ttf in Resources */ = {isa = PBXBuildFile; fileRef = ACAEF3672880077C00AE98F1 /* ONE-Mobile-Light.ttf */; };
		ACAEF36B2880077C00AE98F1 /* ONE-Mobile-Regular.ttf in Resources */ = {isa = PBXBuildFile; fileRef = ACAEF3682880077C00AE98F1 /* ONE-Mobile-Regular.ttf */; };
		ACAEF36F288007FE00AE98F1 /* UIFont + Extension.swift in Sources */ = {isa = PBXBuildFile; fileRef = ACAEF36E288007FE00AE98F1 /* UIFont + Extension.swift */; };
		ACB837F228961ECE00F75BA2 /* SegmentControllerView.swift in Sources */ = {isa = PBXBuildFile; fileRef = ACB837F128961ECE00F75BA2 /* SegmentControllerView.swift */; };
		ACB837F62897DB4D00F75BA2 /* BasicInfoView.swift in Sources */ = {isa = PBXBuildFile; fileRef = ACB837F52897DB4D00F75BA2 /* BasicInfoView.swift */; };
		ACB837F82897DBBF00F75BA2 /* BasicInfoViewModel.swift in Sources */ = {isa = PBXBuildFile; fileRef = ACB837F72897DBBF00F75BA2 /* BasicInfoViewModel.swift */; };
		ACB837FB2897ED9800F75BA2 /* MainInfoTVCell.swift in Sources */ = {isa = PBXBuildFile; fileRef = ACB837FA2897ED9800F75BA2 /* MainInfoTVCell.swift */; };
		ACBA78F72898B34600CB39D5 /* CrawlError.swift in Sources */ = {isa = PBXBuildFile; fileRef = ACBA78F62898B34600CB39D5 /* CrawlError.swift */; };
		ACBA78F92898B4EC00CB39D5 /* String + Extension.swift in Sources */ = {isa = PBXBuildFile; fileRef = ACBA78F82898B4EC00CB39D5 /* String + Extension.swift */; };
		ACBA78FB2898CC6900CB39D5 /* UIImageView + Extension.swift in Sources */ = {isa = PBXBuildFile; fileRef = ACBA78FA2898CC6900CB39D5 /* UIImageView + Extension.swift */; };
		ACBA78FD2898DDE700CB39D5 /* MainUser.swift in Sources */ = {isa = PBXBuildFile; fileRef = ACBA78FC2898DDE700CB39D5 /* MainUser.swift */; };
		ACBA790028990B6D00CB39D5 /* UIButton + Extension.swift in Sources */ = {isa = PBXBuildFile; fileRef = ACBA78FF28990B6D00CB39D5 /* UIButton + Extension.swift */; };
		ACBA7902289929A100CB39D5 /* LocalStorage.swift in Sources */ = {isa = PBXBuildFile; fileRef = ACBA7901289929A100CB39D5 /* LocalStorage.swift */; };
		ACBA790428992C5100CB39D5 /* BookmarkUserDTO.swift in Sources */ = {isa = PBXBuildFile; fileRef = ACBA790328992C5100CB39D5 /* BookmarkUserDTO.swift */; };
		ACBA79062899424900CB39D5 /* AppStorage.swift in Sources */ = {isa = PBXBuildFile; fileRef = ACBA79052899424900CB39D5 /* AppStorage.swift */; };
		ACBA790828997D8F00CB39D5 /* LocalStorageError.swift in Sources */ = {isa = PBXBuildFile; fileRef = ACBA790728997D8F00CB39D5 /* LocalStorageError.swift */; };
		ACD4B78828A34ECD00846E21 /* SettingTVCell.swift in Sources */ = {isa = PBXBuildFile; fileRef = ACD4B78728A34ECD00846E21 /* SettingTVCell.swift */; };
		ACD4B78A28A36AB800846E21 /* SettingViewModel.swift in Sources */ = {isa = PBXBuildFile; fileRef = ACD4B78928A36AB800846E21 /* SettingViewModel.swift */; };
		ACD4B78D28A4A79100846E21 /* BasicAbilityTVCell.swift in Sources */ = {isa = PBXBuildFile; fileRef = ACD4B78C28A4A79100846E21 /* BasicAbilityTVCell.swift */; };
		ACDC581C28B4877700EF8F0C /* Collection + Extension.swift in Sources */ = {isa = PBXBuildFile; fileRef = ACDC581B28B4877700EF8F0C /* Collection + Extension.swift */; };
		ACDE28A628B0A8E000BFD206 /* EquipmentDetailViewController.swift in Sources */ = {isa = PBXBuildFile; fileRef = ACDE28A528B0A8E000BFD206 /* EquipmentDetailViewController.swift */; };
		ACDE28A828B0A8E800BFD206 /* EquipmentDetailView.swift in Sources */ = {isa = PBXBuildFile; fileRef = ACDE28A728B0A8E800BFD206 /* EquipmentDetailView.swift */; };
		ACDE28AA28B0A99300BFD206 /* EquipmentDetailViewModel.swift in Sources */ = {isa = PBXBuildFile; fileRef = ACDE28A928B0A99300BFD206 /* EquipmentDetailViewModel.swift */; };
		ACDE28AC28B11D2000BFD206 /* Int + Extension.swift in Sources */ = {isa = PBXBuildFile; fileRef = ACDE28AB28B11D2000BFD206 /* Int + Extension.swift */; };
		ACE5CEB228AF559600EFC937 /* BasicEquipmentViewModel.swift in Sources */ = {isa = PBXBuildFile; fileRef = ACE5CEB128AF559600EFC937 /* BasicEquipmentViewModel.swift */; };
		ACE5CEB428AF5C2100EFC937 /* EquipmentCell.swift in Sources */ = {isa = PBXBuildFile; fileRef = ACE5CEB328AF5C2100EFC937 /* EquipmentCell.swift */; };
		E7F72B61ABE22C7B3FFD9728 /* Pods_LOARANG_MVVM.framework in Frameworks */ = {isa = PBXBuildFile; fileRef = 641A77F5A938018AE3AFB702 /* Pods_LOARANG_MVVM.framework */; };
/* End PBXBuildFile section */

/* Begin PBXFileReference section */
		641A77F5A938018AE3AFB702 /* Pods_LOARANG_MVVM.framework */ = {isa = PBXFileReference; explicitFileType = wrapper.framework; includeInIndex = 0; path = Pods_LOARANG_MVVM.framework; sourceTree = BUILT_PRODUCTS_DIR; };
		8547102CE468BBFF3FCD4EB5 /* Pods-LOARANG-MVVM.release.xcconfig */ = {isa = PBXFileReference; includeInIndex = 1; lastKnownFileType = text.xcconfig; name = "Pods-LOARANG-MVVM.release.xcconfig"; path = "Target Support Files/Pods-LOARANG-MVVM/Pods-LOARANG-MVVM.release.xcconfig"; sourceTree = "<group>"; };
		AC035E9B28910E680068DC7E /* SearchViewModel.swift */ = {isa = PBXFileReference; lastKnownFileType = sourcecode.swift; path = SearchViewModel.swift; sourceTree = "<group>"; };
		AC035E9E289120750068DC7E /* UIViewController + Extension.swift */ = {isa = PBXFileReference; lastKnownFileType = sourcecode.swift; path = "UIViewController + Extension.swift"; sourceTree = "<group>"; };
		AC035EA0289121FD0068DC7E /* UserInfoViewController.swift */ = {isa = PBXFileReference; lastKnownFileType = sourcecode.swift; path = UserInfoViewController.swift; sourceTree = "<group>"; };
		AC035EA2289122160068DC7E /* UserInfoView.swift */ = {isa = PBXFileReference; lastKnownFileType = sourcecode.swift; path = UserInfoView.swift; sourceTree = "<group>"; };
		AC035EA52891222C0068DC7E /* UserInfoViewModel.swift */ = {isa = PBXFileReference; lastKnownFileType = sourcecode.swift; path = UserInfoViewModel.swift; sourceTree = "<group>"; };
		AC0B89F8289B81D6005BE193 /* SettingView.swift */ = {isa = PBXFileReference; lastKnownFileType = sourcecode.swift; path = SettingView.swift; sourceTree = "<group>"; };
		AC0E68A128AE04C000575631 /* JsonInfoManager.swift */ = {isa = PBXFileReference; lastKnownFileType = sourcecode.swift; path = JsonInfoManager.swift; sourceTree = "<group>"; };
		AC0E68A428AE0E4C00575631 /* Equips.swift */ = {isa = PBXFileReference; lastKnownFileType = sourcecode.swift; path = Equips.swift; sourceTree = "<group>"; };
		AC2AD53628A9C1780091F675 /* CharacterImageViewModel.swift */ = {isa = PBXFileReference; lastKnownFileType = sourcecode.swift; path = CharacterImageViewModel.swift; sourceTree = "<group>"; };
		AC2C2B5128B313CA00621753 /* EquipedEngrave.swift */ = {isa = PBXFileReference; lastKnownFileType = sourcecode.swift; path = EquipedEngrave.swift; sourceTree = "<group>"; };
		AC2C2B5428B3209B00621753 /* EquipmentEngraveCell.swift */ = {isa = PBXFileReference; lastKnownFileType = sourcecode.swift; path = EquipmentEngraveCell.swift; sourceTree = "<group>"; };
		AC2C2B5628B33A0300621753 /* JSON + Extension.swift */ = {isa = PBXFileReference; lastKnownFileType = sourcecode.swift; path = "JSON + Extension.swift"; sourceTree = "<group>"; };
		AC2C2B5A28B34CF500621753 /* Accessories.swift */ = {isa = PBXFileReference; lastKnownFileType = sourcecode.swift; path = Accessories.swift; sourceTree = "<group>"; };
		AC2C2B5C28B3545900621753 /* AvatarView.swift */ = {isa = PBXFileReference; lastKnownFileType = sourcecode.swift; path = AvatarView.swift; sourceTree = "<group>"; };
		AC2C2B5E28B354C300621753 /* AvatarViewModel.swift */ = {isa = PBXFileReference; lastKnownFileType = sourcecode.swift; path = AvatarViewModel.swift; sourceTree = "<group>"; };
		AC2C2B6128B360CE00621753 /* SpecialEquipments.swift */ = {isa = PBXFileReference; lastKnownFileType = sourcecode.swift; path = SpecialEquipments.swift; sourceTree = "<group>"; };
		AC2C2B6B28B3672A00621753 /* AvatarDetailView.swift */ = {isa = PBXFileReference; lastKnownFileType = sourcecode.swift; path = AvatarDetailView.swift; sourceTree = "<group>"; };
		AC2C2B6D28B3673100621753 /* AvatarDetailViewController.swift */ = {isa = PBXFileReference; lastKnownFileType = sourcecode.swift; path = AvatarDetailViewController.swift; sourceTree = "<group>"; };
		AC2C2B6F28B3673700621753 /* AvatarDetailViewModel.swift */ = {isa = PBXFileReference; lastKnownFileType = sourcecode.swift; path = AvatarDetailViewModel.swift; sourceTree = "<group>"; };
		AC2C2B7128B38A5900621753 /* GemCell.swift */ = {isa = PBXFileReference; lastKnownFileType = sourcecode.swift; path = GemCell.swift; sourceTree = "<group>"; };
		AC3FEC122880567800CDE796 /* SearchView.swift */ = {isa = PBXFileReference; lastKnownFileType = sourcecode.swift; path = SearchView.swift; sourceTree = "<group>"; };
		AC3FEC142880568400CDE796 /* SearchViewController.swift */ = {isa = PBXFileReference; lastKnownFileType = sourcecode.swift; path = SearchViewController.swift; sourceTree = "<group>"; };
		AC3FEC1628805DA400CDE796 /* TabBarViewController.swift */ = {isa = PBXFileReference; lastKnownFileType = sourcecode.swift; path = TabBarViewController.swift; sourceTree = "<group>"; };
		AC3FEC1928805DDC00CDE796 /* SettingViewController.swift */ = {isa = PBXFileReference; lastKnownFileType = sourcecode.swift; path = SettingViewController.swift; sourceTree = "<group>"; };
		AC3FEC1F2880697700CDE796 /* MainViewModel.swift */ = {isa = PBXFileReference; lastKnownFileType = sourcecode.swift; path = MainViewModel.swift; sourceTree = "<group>"; };
		AC3FEC26288071CF00CDE796 /* Container.swift */ = {isa = PBXFileReference; lastKnownFileType = sourcecode.swift; path = Container.swift; sourceTree = "<group>"; };
		AC3FEC292880761300CDE796 /* MainUserTVCell.swift */ = {isa = PBXFileReference; lastKnownFileType = sourcecode.swift; path = MainUserTVCell.swift; sourceTree = "<group>"; };
		AC3FEC2B288079BC00CDE796 /* UITableView + Extenstion.swift */ = {isa = PBXFileReference; lastKnownFileType = sourcecode.swift; path = "UITableView + Extenstion.swift"; sourceTree = "<group>"; };
		AC3FEC2D2880F95900CDE796 /* UIImage + Extension.swift */ = {isa = PBXFileReference; lastKnownFileType = sourcecode.swift; path = "UIImage + Extension.swift"; sourceTree = "<group>"; };
		AC50BC9428A4EC0E009F39C5 /* EquipmentsTVCell.swift */ = {isa = PBXFileReference; lastKnownFileType = sourcecode.swift; path = EquipmentsTVCell.swift; sourceTree = "<group>"; };
		AC6CA2932893BC1D0049C12F /* BasicInfoViewController.swift */ = {isa = PBXFileReference; lastKnownFileType = sourcecode.swift; path = BasicInfoViewController.swift; sourceTree = "<group>"; };
		AC6CA2952893BC270049C12F /* SecondInfoViewController.swift */ = {isa = PBXFileReference; lastKnownFileType = sourcecode.swift; path = SecondInfoViewController.swift; sourceTree = "<group>"; };
		AC6CA2972893BC300049C12F /* ThirdInfoViewController.swift */ = {isa = PBXFileReference; lastKnownFileType = sourcecode.swift; path = ThirdInfoViewController.swift; sourceTree = "<group>"; };
		AC6CA2992893BC390049C12F /* FourthInfoViewController.swift */ = {isa = PBXFileReference; lastKnownFileType = sourcecode.swift; path = FourthInfoViewController.swift; sourceTree = "<group>"; };
		AC799A8128A50C0D008A2865 /* BasicEquipmentViewController.swift */ = {isa = PBXFileReference; lastKnownFileType = sourcecode.swift; path = BasicEquipmentViewController.swift; sourceTree = "<group>"; };
		AC799A8328A50C1B008A2865 /* AvatarViewController.swift */ = {isa = PBXFileReference; lastKnownFileType = sourcecode.swift; path = AvatarViewController.swift; sourceTree = "<group>"; };
		AC799A8528A50F07008A2865 /* EquipmentsTVCellViewModel.swift */ = {isa = PBXFileReference; lastKnownFileType = sourcecode.swift; path = EquipmentsTVCellViewModel.swift; sourceTree = "<group>"; };
		AC799A8728A518F7008A2865 /* BasicEquipmentView.swift */ = {isa = PBXFileReference; lastKnownFileType = sourcecode.swift; path = BasicEquipmentView.swift; sourceTree = "<group>"; };
		AC799A8A28A51AB0008A2865 /* CharacterImageViewController.swift */ = {isa = PBXFileReference; lastKnownFileType = sourcecode.swift; path = CharacterImageViewController.swift; sourceTree = "<group>"; };
		AC799A8C28A51B3E008A2865 /* CharacterImageView.swift */ = {isa = PBXFileReference; lastKnownFileType = sourcecode.swift; path = CharacterImageView.swift; sourceTree = "<group>"; };
		AC8F11C72881026600D06AA6 /* CrawManager.swift */ = {isa = PBXFileReference; lastKnownFileType = sourcecode.swift; path = CrawManager.swift; sourceTree = "<group>"; };
		AC8F11C92881059800D06AA6 /* BookmarkTVCell.swift */ = {isa = PBXFileReference; lastKnownFileType = sourcecode.swift; path = BookmarkTVCell.swift; sourceTree = "<group>"; };
		AC8F11CB2881124200D06AA6 /* BookmarkTVCellViewModel.swift */ = {isa = PBXFileReference; lastKnownFileType = sourcecode.swift; path = BookmarkTVCellViewModel.swift; sourceTree = "<group>"; };
		AC8F11CD28811F9B00D06AA6 /* BookmarkCVCell.swift */ = {isa = PBXFileReference; lastKnownFileType = sourcecode.swift; path = BookmarkCVCell.swift; sourceTree = "<group>"; };
		AC8F11CF2881496A00D06AA6 /* BookmarkCVCellViewModel.swift */ = {isa = PBXFileReference; lastKnownFileType = sourcecode.swift; path = BookmarkCVCellViewModel.swift; sourceTree = "<group>"; };
		AC8F11D228814F5800D06AA6 /* BookmarkUser.swift */ = {isa = PBXFileReference; lastKnownFileType = sourcecode.swift; path = BookmarkUser.swift; sourceTree = "<group>"; };
		ACAEF31F287FF0D200AE98F1 /* LOARANG-MVVM.app */ = {isa = PBXFileReference; explicitFileType = wrapper.application; includeInIndex = 0; path = "LOARANG-MVVM.app"; sourceTree = BUILT_PRODUCTS_DIR; };
		ACAEF322287FF0D200AE98F1 /* AppDelegate.swift */ = {isa = PBXFileReference; lastKnownFileType = sourcecode.swift; path = AppDelegate.swift; sourceTree = "<group>"; };
		ACAEF324287FF0D200AE98F1 /* SceneDelegate.swift */ = {isa = PBXFileReference; lastKnownFileType = sourcecode.swift; path = SceneDelegate.swift; sourceTree = "<group>"; };
		ACAEF326287FF0D200AE98F1 /* MainViewController.swift */ = {isa = PBXFileReference; lastKnownFileType = sourcecode.swift; path = MainViewController.swift; sourceTree = "<group>"; };
		ACAEF32B287FF0D300AE98F1 /* Assets.xcassets */ = {isa = PBXFileReference; lastKnownFileType = folder.assetcatalog; path = Assets.xcassets; sourceTree = "<group>"; };
		ACAEF32E287FF0D300AE98F1 /* Base */ = {isa = PBXFileReference; lastKnownFileType = file.storyboard; name = Base; path = Base.lproj/LaunchScreen.storyboard; sourceTree = "<group>"; };
		ACAEF330287FF0D300AE98F1 /* Info.plist */ = {isa = PBXFileReference; lastKnownFileType = text.plist.xml; path = Info.plist; sourceTree = "<group>"; };
		ACAEF339287FF62000AE98F1 /* UserInfo.swift */ = {isa = PBXFileReference; lastKnownFileType = sourcecode.swift; path = UserInfo.swift; sourceTree = "<group>"; };
		ACAEF33B287FF8F600AE98F1 /* MainInfo.swift */ = {isa = PBXFileReference; lastKnownFileType = sourcecode.swift; path = MainInfo.swift; sourceTree = "<group>"; };
		ACAEF33E287FF91A00AE98F1 /* Stat.swift */ = {isa = PBXFileReference; lastKnownFileType = sourcecode.swift; path = Stat.swift; sourceTree = "<group>"; };
		ACAEF348287FF9A200AE98F1 /* Gem.swift */ = {isa = PBXFileReference; lastKnownFileType = sourcecode.swift; path = Gem.swift; sourceTree = "<group>"; };
		ACAEF34F287FFA5800AE98F1 /* CardInfo.swift */ = {isa = PBXFileReference; lastKnownFileType = sourcecode.swift; path = CardInfo.swift; sourceTree = "<group>"; };
		ACAEF355287FFA9100AE98F1 /* BattleEquipments.swift */ = {isa = PBXFileReference; lastKnownFileType = sourcecode.swift; path = BattleEquipments.swift; sourceTree = "<group>"; };
		ACAEF357287FFA9F00AE98F1 /* EquipmentPart.swift */ = {isa = PBXFileReference; lastKnownFileType = sourcecode.swift; path = EquipmentPart.swift; sourceTree = "<group>"; };
		ACAEF35A287FFB0400AE98F1 /* Avatar.swift */ = {isa = PBXFileReference; lastKnownFileType = sourcecode.swift; path = Avatar.swift; sourceTree = "<group>"; };
		ACAEF35E287FFC4900AE98F1 /* MainView.swift */ = {isa = PBXFileReference; lastKnownFileType = sourcecode.swift; path = MainView.swift; sourceTree = "<group>"; };
		ACAEF361288003A700AE98F1 /* UIColor + Extension.swift */ = {isa = PBXFileReference; lastKnownFileType = sourcecode.swift; path = "UIColor + Extension.swift"; sourceTree = "<group>"; };
		ACAEF3642880076C00AE98F1 /* BlackHanSans-Regular.ttf */ = {isa = PBXFileReference; lastKnownFileType = file; path = "BlackHanSans-Regular.ttf"; sourceTree = "<group>"; };
		ACAEF3662880077C00AE98F1 /* ONE-Mobile-Bold.ttf */ = {isa = PBXFileReference; lastKnownFileType = file; path = "ONE-Mobile-Bold.ttf"; sourceTree = "<group>"; };
		ACAEF3672880077C00AE98F1 /* ONE-Mobile-Light.ttf */ = {isa = PBXFileReference; lastKnownFileType = file; path = "ONE-Mobile-Light.ttf"; sourceTree = "<group>"; };
		ACAEF3682880077C00AE98F1 /* ONE-Mobile-Regular.ttf */ = {isa = PBXFileReference; lastKnownFileType = file; path = "ONE-Mobile-Regular.ttf"; sourceTree = "<group>"; };
		ACAEF36E288007FE00AE98F1 /* UIFont + Extension.swift */ = {isa = PBXFileReference; lastKnownFileType = sourcecode.swift; path = "UIFont + Extension.swift"; sourceTree = "<group>"; };
		ACB837F128961ECE00F75BA2 /* SegmentControllerView.swift */ = {isa = PBXFileReference; lastKnownFileType = sourcecode.swift; path = SegmentControllerView.swift; sourceTree = "<group>"; };
		ACB837F52897DB4D00F75BA2 /* BasicInfoView.swift */ = {isa = PBXFileReference; lastKnownFileType = sourcecode.swift; path = BasicInfoView.swift; sourceTree = "<group>"; };
		ACB837F72897DBBF00F75BA2 /* BasicInfoViewModel.swift */ = {isa = PBXFileReference; lastKnownFileType = sourcecode.swift; path = BasicInfoViewModel.swift; sourceTree = "<group>"; };
		ACB837FA2897ED9800F75BA2 /* MainInfoTVCell.swift */ = {isa = PBXFileReference; lastKnownFileType = sourcecode.swift; path = MainInfoTVCell.swift; sourceTree = "<group>"; };
		ACBA78F62898B34600CB39D5 /* CrawlError.swift */ = {isa = PBXFileReference; lastKnownFileType = sourcecode.swift; path = CrawlError.swift; sourceTree = "<group>"; };
		ACBA78F82898B4EC00CB39D5 /* String + Extension.swift */ = {isa = PBXFileReference; lastKnownFileType = sourcecode.swift; path = "String + Extension.swift"; sourceTree = "<group>"; };
		ACBA78FA2898CC6900CB39D5 /* UIImageView + Extension.swift */ = {isa = PBXFileReference; lastKnownFileType = sourcecode.swift; path = "UIImageView + Extension.swift"; sourceTree = "<group>"; };
		ACBA78FC2898DDE700CB39D5 /* MainUser.swift */ = {isa = PBXFileReference; lastKnownFileType = sourcecode.swift; path = MainUser.swift; sourceTree = "<group>"; };
		ACBA78FF28990B6D00CB39D5 /* UIButton + Extension.swift */ = {isa = PBXFileReference; lastKnownFileType = sourcecode.swift; path = "UIButton + Extension.swift"; sourceTree = "<group>"; };
		ACBA7901289929A100CB39D5 /* LocalStorage.swift */ = {isa = PBXFileReference; lastKnownFileType = sourcecode.swift; path = LocalStorage.swift; sourceTree = "<group>"; };
		ACBA790328992C5100CB39D5 /* BookmarkUserDTO.swift */ = {isa = PBXFileReference; lastKnownFileType = sourcecode.swift; path = BookmarkUserDTO.swift; sourceTree = "<group>"; };
		ACBA79052899424900CB39D5 /* AppStorage.swift */ = {isa = PBXFileReference; lastKnownFileType = sourcecode.swift; path = AppStorage.swift; sourceTree = "<group>"; };
		ACBA790728997D8F00CB39D5 /* LocalStorageError.swift */ = {isa = PBXFileReference; lastKnownFileType = sourcecode.swift; path = LocalStorageError.swift; sourceTree = "<group>"; };
		ACD4B78728A34ECD00846E21 /* SettingTVCell.swift */ = {isa = PBXFileReference; lastKnownFileType = sourcecode.swift; path = SettingTVCell.swift; sourceTree = "<group>"; };
		ACD4B78928A36AB800846E21 /* SettingViewModel.swift */ = {isa = PBXFileReference; lastKnownFileType = sourcecode.swift; path = SettingViewModel.swift; sourceTree = "<group>"; };
		ACD4B78C28A4A79100846E21 /* BasicAbilityTVCell.swift */ = {isa = PBXFileReference; lastKnownFileType = sourcecode.swift; path = BasicAbilityTVCell.swift; sourceTree = "<group>"; };
		ACDC581B28B4877700EF8F0C /* Collection + Extension.swift */ = {isa = PBXFileReference; lastKnownFileType = sourcecode.swift; path = "Collection + Extension.swift"; sourceTree = "<group>"; };
		ACDE28A528B0A8E000BFD206 /* EquipmentDetailViewController.swift */ = {isa = PBXFileReference; lastKnownFileType = sourcecode.swift; path = EquipmentDetailViewController.swift; sourceTree = "<group>"; };
		ACDE28A728B0A8E800BFD206 /* EquipmentDetailView.swift */ = {isa = PBXFileReference; lastKnownFileType = sourcecode.swift; path = EquipmentDetailView.swift; sourceTree = "<group>"; };
		ACDE28A928B0A99300BFD206 /* EquipmentDetailViewModel.swift */ = {isa = PBXFileReference; lastKnownFileType = sourcecode.swift; path = EquipmentDetailViewModel.swift; sourceTree = "<group>"; };
		ACDE28AB28B11D2000BFD206 /* Int + Extension.swift */ = {isa = PBXFileReference; lastKnownFileType = sourcecode.swift; path = "Int + Extension.swift"; sourceTree = "<group>"; };
		ACE5CEB128AF559600EFC937 /* BasicEquipmentViewModel.swift */ = {isa = PBXFileReference; lastKnownFileType = sourcecode.swift; path = BasicEquipmentViewModel.swift; sourceTree = "<group>"; };
		ACE5CEB328AF5C2100EFC937 /* EquipmentCell.swift */ = {isa = PBXFileReference; lastKnownFileType = sourcecode.swift; path = EquipmentCell.swift; sourceTree = "<group>"; };
		D81085EAF2C0C2DCAF9844E4 /* Pods-LOARANG-MVVM.debug.xcconfig */ = {isa = PBXFileReference; includeInIndex = 1; lastKnownFileType = text.xcconfig; name = "Pods-LOARANG-MVVM.debug.xcconfig"; path = "Target Support Files/Pods-LOARANG-MVVM/Pods-LOARANG-MVVM.debug.xcconfig"; sourceTree = "<group>"; };
/* End PBXFileReference section */

/* Begin PBXFrameworksBuildPhase section */
		ACAEF31C287FF0D200AE98F1 /* Frameworks */ = {
			isa = PBXFrameworksBuildPhase;
			buildActionMask = 2147483647;
			files = (
				E7F72B61ABE22C7B3FFD9728 /* Pods_LOARANG_MVVM.framework in Frameworks */,
			);
			runOnlyForDeploymentPostprocessing = 0;
		};
/* End PBXFrameworksBuildPhase section */

/* Begin PBXGroup section */
		1C4C2305C17C49BFC10EFF72 /* Frameworks */ = {
			isa = PBXGroup;
			children = (
				641A77F5A938018AE3AFB702 /* Pods_LOARANG_MVVM.framework */,
			);
			name = Frameworks;
			sourceTree = "<group>";
		};
		AC035E9D28911CDC0068DC7E /* UserInfoView */ = {
			isa = PBXGroup;
			children = (
				AC035EA2289122160068DC7E /* UserInfoView.swift */,
				ACB837F128961ECE00F75BA2 /* SegmentControllerView.swift */,
				AC035EA0289121FD0068DC7E /* UserInfoViewController.swift */,
				AC035EA52891222C0068DC7E /* UserInfoViewModel.swift */,
				AC6CA28F2893BBCF0049C12F /* BasicInfoViewController */,
				AC6CA2902893BBD70049C12F /* SecondInfoView */,
				AC6CA2912893BBEF0049C12F /* ThirdInfoView */,
				AC6CA2922893BBF90049C12F /* ForthInfoView */,
			);
			path = UserInfoView;
			sourceTree = "<group>";
		};
		AC0B89F7289B8185005BE193 /* Storage */ = {
			isa = PBXGroup;
			children = (
				ACBA79052899424900CB39D5 /* AppStorage.swift */,
				ACBA7901289929A100CB39D5 /* LocalStorage.swift */,
				ACBA790328992C5100CB39D5 /* BookmarkUserDTO.swift */,
				ACBA790728997D8F00CB39D5 /* LocalStorageError.swift */,
			);
			name = Storage;
			path = ../Storage;
			sourceTree = "<group>";
		};
		AC0E68A328AE0E1F00575631 /* BattleEquipments */ = {
			isa = PBXGroup;
			children = (
				ACAEF355287FFA9100AE98F1 /* BattleEquipments.swift */,
			);
			path = BattleEquipments;
			sourceTree = "<group>";
		};
		AC2C2B5828B34C7400621753 /* Accessories */ = {
			isa = PBXGroup;
			children = (
				AC2C2B5A28B34CF500621753 /* Accessories.swift */,
			);
			path = Accessories;
			sourceTree = "<group>";
		};
		AC2C2B5928B34CAA00621753 /* EquipedEngrave */ = {
			isa = PBXGroup;
			children = (
				AC2C2B5128B313CA00621753 /* EquipedEngrave.swift */,
			);
			path = EquipedEngrave;
			sourceTree = "<group>";
		};
		AC2C2B6028B360AB00621753 /* SpecialEquipments */ = {
			isa = PBXGroup;
			children = (
				AC2C2B6128B360CE00621753 /* SpecialEquipments.swift */,
			);
			path = SpecialEquipments;
			sourceTree = "<group>";
		};
		AC2C2B6A28B366F800621753 /* AvatarDetailView */ = {
			isa = PBXGroup;
			children = (
				AC2C2B6B28B3672A00621753 /* AvatarDetailView.swift */,
				AC2C2B6D28B3673100621753 /* AvatarDetailViewController.swift */,
				AC2C2B6F28B3673700621753 /* AvatarDetailViewModel.swift */,
			);
			path = AvatarDetailView;
			sourceTree = "<group>";
		};
		AC2C2B7328B38BC900621753 /* Gems */ = {
			isa = PBXGroup;
			children = (
				ACAEF348287FF9A200AE98F1 /* Gem.swift */,
			);
			path = Gems;
			sourceTree = "<group>";
		};
		AC2C2B7428B38BDC00621753 /* CardInfo */ = {
			isa = PBXGroup;
			children = (
				ACAEF34F287FFA5800AE98F1 /* CardInfo.swift */,
			);
			path = CardInfo;
			sourceTree = "<group>";
		};
		AC3FEBFE28804E9600CDE796 /* Extesnsion */ = {
			isa = PBXGroup;
			children = (
				ACAEF36E288007FE00AE98F1 /* UIFont + Extension.swift */,
				ACAEF361288003A700AE98F1 /* UIColor + Extension.swift */,
				AC035E9E289120750068DC7E /* UIViewController + Extension.swift */,
				AC3FEC2B288079BC00CDE796 /* UITableView + Extenstion.swift */,
				ACBA78FF28990B6D00CB39D5 /* UIButton + Extension.swift */,
				ACBA78F82898B4EC00CB39D5 /* String + Extension.swift */,
				ACDE28AB28B11D2000BFD206 /* Int + Extension.swift */,
				AC2C2B5628B33A0300621753 /* JSON + Extension.swift */,
				ACDC581B28B4877700EF8F0C /* Collection + Extension.swift */,
				AC3FEC2D2880F95900CDE796 /* UIImage + Extension.swift */,
				ACBA78FA2898CC6900CB39D5 /* UIImageView + Extension.swift */,
			);
			path = Extesnsion;
			sourceTree = "<group>";
		};
		AC3FEC0B2880525E00CDE796 /* Scenes */ = {
			isa = PBXGroup;
			children = (
				AC3FEC1628805DA400CDE796 /* TabBarViewController.swift */,
				ACAEF35C287FFBB600AE98F1 /* Main */,
				AC3FEC112880566A00CDE796 /* SearchView */,
				AC035E9D28911CDC0068DC7E /* UserInfoView */,
				AC3FEC1828805DBD00CDE796 /* SettingView */,
			);
			path = Scenes;
			sourceTree = "<group>";
		};
		AC3FEC112880566A00CDE796 /* SearchView */ = {
			isa = PBXGroup;
			children = (
				AC3FEC122880567800CDE796 /* SearchView.swift */,
				AC3FEC142880568400CDE796 /* SearchViewController.swift */,
				AC035E9B28910E680068DC7E /* SearchViewModel.swift */,
			);
			path = SearchView;
			sourceTree = "<group>";
		};
		AC3FEC1828805DBD00CDE796 /* SettingView */ = {
			isa = PBXGroup;
			children = (
				AC0B89F8289B81D6005BE193 /* SettingView.swift */,
				ACD4B78728A34ECD00846E21 /* SettingTVCell.swift */,
				AC3FEC1928805DDC00CDE796 /* SettingViewController.swift */,
				ACD4B78928A36AB800846E21 /* SettingViewModel.swift */,
			);
			path = SettingView;
			sourceTree = "<group>";
		};
		AC3FEC28288075F000CDE796 /* MainTableViewCells */ = {
			isa = PBXGroup;
			children = (
				AC3FEC292880761300CDE796 /* MainUserTVCell.swift */,
				AC8F11C92881059800D06AA6 /* BookmarkTVCell.swift */,
				AC8F11CB2881124200D06AA6 /* BookmarkTVCellViewModel.swift */,
				AC8F11D128814EB000D06AA6 /* BookmarCell */,
			);
			path = MainTableViewCells;
			sourceTree = "<group>";
		};
		AC50BC9328A4EB83009F39C5 /* Equipments */ = {
			isa = PBXGroup;
			children = (
				AC50BC9428A4EC0E009F39C5 /* EquipmentsTVCell.swift */,
				AC799A8528A50F07008A2865 /* EquipmentsTVCellViewModel.swift */,
				ACE5CEB328AF5C2100EFC937 /* EquipmentCell.swift */,
				AC799A7F28A50B8D008A2865 /* BasicEquipmentsView */,
				AC799A8028A50B9E008A2865 /* AvatarView */,
				AC799A8928A51A74008A2865 /* CharacterImageView */,
			);
			path = Equipments;
			sourceTree = "<group>";
		};
		AC6CA28F2893BBCF0049C12F /* BasicInfoViewController */ = {
			isa = PBXGroup;
			children = (
				ACB837F52897DB4D00F75BA2 /* BasicInfoView.swift */,
				AC6CA2932893BC1D0049C12F /* BasicInfoViewController.swift */,
				ACB837F72897DBBF00F75BA2 /* BasicInfoViewModel.swift */,
				ACB837F92897ED6500F75BA2 /* MainInfo */,
				ACD4B78B28A4A75700846E21 /* BasicEffect */,
				AC50BC9328A4EB83009F39C5 /* Equipments */,
			);
			path = BasicInfoViewController;
			sourceTree = "<group>";
		};
		AC6CA2902893BBD70049C12F /* SecondInfoView */ = {
			isa = PBXGroup;
			children = (
				AC6CA2952893BC270049C12F /* SecondInfoViewController.swift */,
			);
			path = SecondInfoView;
			sourceTree = "<group>";
		};
		AC6CA2912893BBEF0049C12F /* ThirdInfoView */ = {
			isa = PBXGroup;
			children = (
				AC6CA2972893BC300049C12F /* ThirdInfoViewController.swift */,
			);
			path = ThirdInfoView;
			sourceTree = "<group>";
		};
		AC6CA2922893BBF90049C12F /* ForthInfoView */ = {
			isa = PBXGroup;
			children = (
				AC6CA2992893BC390049C12F /* FourthInfoViewController.swift */,
			);
			path = ForthInfoView;
			sourceTree = "<group>";
		};
		AC799A7F28A50B8D008A2865 /* BasicEquipmentsView */ = {
			isa = PBXGroup;
			children = (
				AC799A8728A518F7008A2865 /* BasicEquipmentView.swift */,
				AC799A8128A50C0D008A2865 /* BasicEquipmentViewController.swift */,
				ACE5CEB128AF559600EFC937 /* BasicEquipmentViewModel.swift */,
				AC2C2B5428B3209B00621753 /* EquipmentEngraveCell.swift */,
				AC2C2B7128B38A5900621753 /* GemCell.swift */,
				ACDE28A428B0A87A00BFD206 /* EquipmentDetailView */,
			);
			path = BasicEquipmentsView;
			sourceTree = "<group>";
		};
		AC799A8028A50B9E008A2865 /* AvatarView */ = {
			isa = PBXGroup;
			children = (
				AC2C2B5C28B3545900621753 /* AvatarView.swift */,
				AC799A8328A50C1B008A2865 /* AvatarViewController.swift */,
				AC2C2B5E28B354C300621753 /* AvatarViewModel.swift */,
				AC2C2B6A28B366F800621753 /* AvatarDetailView */,
			);
			path = AvatarView;
			sourceTree = "<group>";
		};
		AC799A8928A51A74008A2865 /* CharacterImageView */ = {
			isa = PBXGroup;
			children = (
				AC799A8A28A51AB0008A2865 /* CharacterImageViewController.swift */,
				AC2AD53628A9C1780091F675 /* CharacterImageViewModel.swift */,
				AC799A8C28A51B3E008A2865 /* CharacterImageView.swift */,
			);
			path = CharacterImageView;
			sourceTree = "<group>";
		};
		AC8F11C62881025900D06AA6 /* CrawlManager */ = {
			isa = PBXGroup;
			children = (
				AC8F11C72881026600D06AA6 /* CrawManager.swift */,
				AC0E68A128AE04C000575631 /* JsonInfoManager.swift */,
				ACBA78F62898B34600CB39D5 /* CrawlError.swift */,
			);
			path = CrawlManager;
			sourceTree = "<group>";
		};
		AC8F11D128814EB000D06AA6 /* BookmarCell */ = {
			isa = PBXGroup;
			children = (
				AC8F11CD28811F9B00D06AA6 /* BookmarkCVCell.swift */,
				AC8F11CF2881496A00D06AA6 /* BookmarkCVCellViewModel.swift */,
			);
			path = BookmarCell;
			sourceTree = "<group>";
		};
		ACAEF316287FF0D200AE98F1 = {
			isa = PBXGroup;
			children = (
				ACAEF321287FF0D200AE98F1 /* LOARANG-MVVM */,
				ACAEF320287FF0D200AE98F1 /* Products */,
				C1BE94E9D9DBB579AF2C7E5C /* Pods */,
				1C4C2305C17C49BFC10EFF72 /* Frameworks */,
			);
			sourceTree = "<group>";
		};
		ACAEF320287FF0D200AE98F1 /* Products */ = {
			isa = PBXGroup;
			children = (
				ACAEF31F287FF0D200AE98F1 /* LOARANG-MVVM.app */,
			);
			name = Products;
			sourceTree = "<group>";
		};
		ACAEF321287FF0D200AE98F1 /* LOARANG-MVVM */ = {
			isa = PBXGroup;
			children = (
				ACAEF322287FF0D200AE98F1 /* AppDelegate.swift */,
				ACAEF324287FF0D200AE98F1 /* SceneDelegate.swift */,
				AC3FEC26288071CF00CDE796 /* Container.swift */,
				ACAEF3602880039F00AE98F1 /* Utils */,
				ACAEF338287FF60000AE98F1 /* Model */,
				AC3FEC0B2880525E00CDE796 /* Scenes */,
				ACAEF32B287FF0D300AE98F1 /* Assets.xcassets */,
				ACAEF32D287FF0D300AE98F1 /* LaunchScreen.storyboard */,
				ACAEF330287FF0D300AE98F1 /* Info.plist */,
			);
			path = "LOARANG-MVVM";
			sourceTree = "<group>";
		};
		ACAEF338287FF60000AE98F1 /* Model */ = {
			isa = PBXGroup;
			children = (
				ACAEF346287FF97100AE98F1 /* UserInfo */,
			);
			path = Model;
			sourceTree = "<group>";
		};
		ACAEF346287FF97100AE98F1 /* UserInfo */ = {
			isa = PBXGroup;
			children = (
				ACBA78FC2898DDE700CB39D5 /* MainUser.swift */,
				AC8F11D228814F5800D06AA6 /* BookmarkUser.swift */,
				ACAEF339287FF62000AE98F1 /* UserInfo.swift */,
				ACAEF33B287FF8F600AE98F1 /* MainInfo.swift */,
				ACAEF33E287FF91A00AE98F1 /* Stat.swift */,
				ACAEF34B287FF9B900AE98F1 /* Equips */,
			);
			path = UserInfo;
			sourceTree = "<group>";
		};
		ACAEF34B287FF9B900AE98F1 /* Equips */ = {
			isa = PBXGroup;
			children = (
				AC0E68A428AE0E4C00575631 /* Equips.swift */,
				ACAEF357287FFA9F00AE98F1 /* EquipmentPart.swift */,
				AC0E68A328AE0E1F00575631 /* BattleEquipments */,
				AC2C2B5928B34CAA00621753 /* EquipedEngrave */,
				AC2C2B5828B34C7400621753 /* Accessories */,
				ACAEF34C287FF9C500AE98F1 /* Avatar */,
				AC2C2B6028B360AB00621753 /* SpecialEquipments */,
				AC2C2B7328B38BC900621753 /* Gems */,
				AC2C2B7428B38BDC00621753 /* CardInfo */,
			);
			path = Equips;
			sourceTree = "<group>";
		};
		ACAEF34C287FF9C500AE98F1 /* Avatar */ = {
			isa = PBXGroup;
			children = (
				ACAEF35A287FFB0400AE98F1 /* Avatar.swift */,
			);
			path = Avatar;
			sourceTree = "<group>";
		};
		ACAEF35C287FFBB600AE98F1 /* Main */ = {
			isa = PBXGroup;
			children = (
				ACAEF35E287FFC4900AE98F1 /* MainView.swift */,
				ACAEF326287FF0D200AE98F1 /* MainViewController.swift */,
				AC3FEC1F2880697700CDE796 /* MainViewModel.swift */,
				AC3FEC28288075F000CDE796 /* MainTableViewCells */,
			);
			path = Main;
			sourceTree = "<group>";
		};
		ACAEF3602880039F00AE98F1 /* Utils */ = {
			isa = PBXGroup;
			children = (
				AC0B89F7289B8185005BE193 /* Storage */,
				AC8F11C62881025900D06AA6 /* CrawlManager */,
				ACAEF3632880075A00AE98F1 /* Font */,
				AC3FEBFE28804E9600CDE796 /* Extesnsion */,
			);
			path = Utils;
			sourceTree = "<group>";
		};
		ACAEF3632880075A00AE98F1 /* Font */ = {
			isa = PBXGroup;
			children = (
				ACAEF3642880076C00AE98F1 /* BlackHanSans-Regular.ttf */,
				ACAEF3662880077C00AE98F1 /* ONE-Mobile-Bold.ttf */,
				ACAEF3672880077C00AE98F1 /* ONE-Mobile-Light.ttf */,
				ACAEF3682880077C00AE98F1 /* ONE-Mobile-Regular.ttf */,
			);
			path = Font;
			sourceTree = "<group>";
		};
		ACB837F92897ED6500F75BA2 /* MainInfo */ = {
			isa = PBXGroup;
			children = (
				ACB837FA2897ED9800F75BA2 /* MainInfoTVCell.swift */,
			);
			path = MainInfo;
			sourceTree = "<group>";
		};
		ACD4B78B28A4A75700846E21 /* BasicEffect */ = {
			isa = PBXGroup;
			children = (
				ACD4B78C28A4A79100846E21 /* BasicAbilityTVCell.swift */,
			);
			path = BasicEffect;
			sourceTree = "<group>";
		};
		ACDE28A428B0A87A00BFD206 /* EquipmentDetailView */ = {
			isa = PBXGroup;
			children = (
				ACDE28A528B0A8E000BFD206 /* EquipmentDetailViewController.swift */,
				ACDE28A728B0A8E800BFD206 /* EquipmentDetailView.swift */,
				ACDE28A928B0A99300BFD206 /* EquipmentDetailViewModel.swift */,
			);
			path = EquipmentDetailView;
			sourceTree = "<group>";
		};
		C1BE94E9D9DBB579AF2C7E5C /* Pods */ = {
			isa = PBXGroup;
			children = (
				D81085EAF2C0C2DCAF9844E4 /* Pods-LOARANG-MVVM.debug.xcconfig */,
				8547102CE468BBFF3FCD4EB5 /* Pods-LOARANG-MVVM.release.xcconfig */,
			);
			path = Pods;
			sourceTree = "<group>";
		};
/* End PBXGroup section */

/* Begin PBXNativeTarget section */
		ACAEF31E287FF0D200AE98F1 /* LOARANG-MVVM */ = {
			isa = PBXNativeTarget;
			buildConfigurationList = ACAEF333287FF0D300AE98F1 /* Build configuration list for PBXNativeTarget "LOARANG-MVVM" */;
			buildPhases = (
				499F8D0056DDA603B7E7887B /* [CP] Check Pods Manifest.lock */,
				ACAEF31B287FF0D200AE98F1 /* Sources */,
				ACAEF31C287FF0D200AE98F1 /* Frameworks */,
				ACAEF31D287FF0D200AE98F1 /* Resources */,
				8D404FE977936A768B2B33C0 /* [CP] Embed Pods Frameworks */,
			);
			buildRules = (
			);
			dependencies = (
			);
			name = "LOARANG-MVVM";
			productName = "LOARANG-MVVM";
			productReference = ACAEF31F287FF0D200AE98F1 /* LOARANG-MVVM.app */;
			productType = "com.apple.product-type.application";
		};
/* End PBXNativeTarget section */

/* Begin PBXProject section */
		ACAEF317287FF0D200AE98F1 /* Project object */ = {
			isa = PBXProject;
			attributes = {
				BuildIndependentTargetsInParallel = 1;
				LastSwiftUpdateCheck = 1330;
				LastUpgradeCheck = 1330;
				TargetAttributes = {
					ACAEF31E287FF0D200AE98F1 = {
						CreatedOnToolsVersion = 13.3.1;
					};
				};
			};
			buildConfigurationList = ACAEF31A287FF0D200AE98F1 /* Build configuration list for PBXProject "LOARANG-MVVM" */;
			compatibilityVersion = "Xcode 13.0";
			developmentRegion = en;
			hasScannedForEncodings = 0;
			knownRegions = (
				en,
				Base,
			);
			mainGroup = ACAEF316287FF0D200AE98F1;
			productRefGroup = ACAEF320287FF0D200AE98F1 /* Products */;
			projectDirPath = "";
			projectRoot = "";
			targets = (
				ACAEF31E287FF0D200AE98F1 /* LOARANG-MVVM */,
			);
		};
/* End PBXProject section */

/* Begin PBXResourcesBuildPhase section */
		ACAEF31D287FF0D200AE98F1 /* Resources */ = {
			isa = PBXResourcesBuildPhase;
			buildActionMask = 2147483647;
			files = (
				ACAEF36A2880077C00AE98F1 /* ONE-Mobile-Light.ttf in Resources */,
				ACAEF3692880077C00AE98F1 /* ONE-Mobile-Bold.ttf in Resources */,
				ACAEF36B2880077C00AE98F1 /* ONE-Mobile-Regular.ttf in Resources */,
				ACAEF32F287FF0D300AE98F1 /* LaunchScreen.storyboard in Resources */,
				ACAEF32C287FF0D300AE98F1 /* Assets.xcassets in Resources */,
				ACAEF3652880076C00AE98F1 /* BlackHanSans-Regular.ttf in Resources */,
			);
			runOnlyForDeploymentPostprocessing = 0;
		};
/* End PBXResourcesBuildPhase section */

/* Begin PBXShellScriptBuildPhase section */
		499F8D0056DDA603B7E7887B /* [CP] Check Pods Manifest.lock */ = {
			isa = PBXShellScriptBuildPhase;
			buildActionMask = 2147483647;
			files = (
			);
			inputFileListPaths = (
			);
			inputPaths = (
				"${PODS_PODFILE_DIR_PATH}/Podfile.lock",
				"${PODS_ROOT}/Manifest.lock",
			);
			name = "[CP] Check Pods Manifest.lock";
			outputFileListPaths = (
			);
			outputPaths = (
				"$(DERIVED_FILE_DIR)/Pods-LOARANG-MVVM-checkManifestLockResult.txt",
			);
			runOnlyForDeploymentPostprocessing = 0;
			shellPath = /bin/sh;
			shellScript = "diff \"${PODS_PODFILE_DIR_PATH}/Podfile.lock\" \"${PODS_ROOT}/Manifest.lock\" > /dev/null\nif [ $? != 0 ] ; then\n    # print error to STDERR\n    echo \"error: The sandbox is not in sync with the Podfile.lock. Run 'pod install' or update your CocoaPods installation.\" >&2\n    exit 1\nfi\n# This output is used by Xcode 'outputs' to avoid re-running this script phase.\necho \"SUCCESS\" > \"${SCRIPT_OUTPUT_FILE_0}\"\n";
			showEnvVarsInLog = 0;
		};
		8D404FE977936A768B2B33C0 /* [CP] Embed Pods Frameworks */ = {
			isa = PBXShellScriptBuildPhase;
			buildActionMask = 2147483647;
			files = (
			);
			inputFileListPaths = (
				"${PODS_ROOT}/Target Support Files/Pods-LOARANG-MVVM/Pods-LOARANG-MVVM-frameworks-${CONFIGURATION}-input-files.xcfilelist",
			);
			name = "[CP] Embed Pods Frameworks";
			outputFileListPaths = (
				"${PODS_ROOT}/Target Support Files/Pods-LOARANG-MVVM/Pods-LOARANG-MVVM-frameworks-${CONFIGURATION}-output-files.xcfilelist",
			);
			runOnlyForDeploymentPostprocessing = 0;
			shellPath = /bin/sh;
			shellScript = "\"${PODS_ROOT}/Target Support Files/Pods-LOARANG-MVVM/Pods-LOARANG-MVVM-frameworks.sh\"\n";
			showEnvVarsInLog = 0;
		};
/* End PBXShellScriptBuildPhase section */

/* Begin PBXSourcesBuildPhase section */
		ACAEF31B287FF0D200AE98F1 /* Sources */ = {
			isa = PBXSourcesBuildPhase;
			buildActionMask = 2147483647;
			files = (
				ACB837F228961ECE00F75BA2 /* SegmentControllerView.swift in Sources */,
				AC0B89F9289B81D6005BE193 /* SettingView.swift in Sources */,
				AC035E9C28910E680068DC7E /* SearchViewModel.swift in Sources */,
				ACAEF36F288007FE00AE98F1 /* UIFont + Extension.swift in Sources */,
				ACAEF33A287FF62000AE98F1 /* UserInfo.swift in Sources */,
				ACBA790428992C5100CB39D5 /* BookmarkUserDTO.swift in Sources */,
				AC8F11D328814F5800D06AA6 /* BookmarkUser.swift in Sources */,
				ACB837F82897DBBF00F75BA2 /* BasicInfoViewModel.swift in Sources */,
				AC2C2B5B28B34CF500621753 /* Accessories.swift in Sources */,
				ACAEF35F287FFC4900AE98F1 /* MainView.swift in Sources */,
				AC2C2B6E28B3673100621753 /* AvatarDetailViewController.swift in Sources */,
				AC3FEC152880568400CDE796 /* SearchViewController.swift in Sources */,
				ACB837FB2897ED9800F75BA2 /* MainInfoTVCell.swift in Sources */,
				AC3FEC1728805DA400CDE796 /* TabBarViewController.swift in Sources */,
				AC8F11CC2881124300D06AA6 /* BookmarkTVCellViewModel.swift in Sources */,
				ACBA7902289929A100CB39D5 /* LocalStorage.swift in Sources */,
				AC799A8428A50C1B008A2865 /* AvatarViewController.swift in Sources */,
				ACBA78FB2898CC6900CB39D5 /* UIImageView + Extension.swift in Sources */,
				AC799A8D28A51B3E008A2865 /* CharacterImageView.swift in Sources */,
				ACAEF358287FFA9F00AE98F1 /* EquipmentPart.swift in Sources */,
				ACAEF35B287FFB0400AE98F1 /* Avatar.swift in Sources */,
				AC799A8628A50F07008A2865 /* EquipmentsTVCellViewModel.swift in Sources */,
				ACAEF327287FF0D200AE98F1 /* MainViewController.swift in Sources */,
				ACAEF356287FFA9100AE98F1 /* BattleEquipments.swift in Sources */,
				ACAEF323287FF0D200AE98F1 /* AppDelegate.swift in Sources */,
				AC035E9F289120750068DC7E /* UIViewController + Extension.swift in Sources */,
				AC8F11CA2881059800D06AA6 /* BookmarkTVCell.swift in Sources */,
				ACE5CEB428AF5C2100EFC937 /* EquipmentCell.swift in Sources */,
				ACB837F62897DB4D00F75BA2 /* BasicInfoView.swift in Sources */,
				ACBA78F72898B34600CB39D5 /* CrawlError.swift in Sources */,
				ACAEF350287FFA5800AE98F1 /* CardInfo.swift in Sources */,
				AC799A8B28A51AB0008A2865 /* CharacterImageViewController.swift in Sources */,
				AC8F11CE28811F9B00D06AA6 /* BookmarkCVCell.swift in Sources */,
				AC799A8828A518F7008A2865 /* BasicEquipmentView.swift in Sources */,
				AC8F11D02881496A00D06AA6 /* BookmarkCVCellViewModel.swift in Sources */,
				ACBA790028990B6D00CB39D5 /* UIButton + Extension.swift in Sources */,
				ACBA790828997D8F00CB39D5 /* LocalStorageError.swift in Sources */,
				AC2C2B5D28B3545900621753 /* AvatarView.swift in Sources */,
				AC2C2B7228B38A5900621753 /* GemCell.swift in Sources */,
				ACD4B78A28A36AB800846E21 /* SettingViewModel.swift in Sources */,
				ACAEF362288003A700AE98F1 /* UIColor + Extension.swift in Sources */,
				AC799A8228A50C0D008A2865 /* BasicEquipmentViewController.swift in Sources */,
				AC2C2B7028B3673700621753 /* AvatarDetailViewModel.swift in Sources */,
				AC2C2B5528B3209B00621753 /* EquipmentEngraveCell.swift in Sources */,
				AC2C2B5228B313CA00621753 /* EquipedEngrave.swift in Sources */,
				AC3FEC2A2880761300CDE796 /* MainUserTVCell.swift in Sources */,
				AC6CA29A2893BC390049C12F /* FourthInfoViewController.swift in Sources */,
				AC0E68A228AE04C000575631 /* JsonInfoManager.swift in Sources */,
				AC2C2B6C28B3672A00621753 /* AvatarDetailView.swift in Sources */,
				ACAEF33F287FF91A00AE98F1 /* Stat.swift in Sources */,
				ACD4B78D28A4A79100846E21 /* BasicAbilityTVCell.swift in Sources */,
				AC6CA2982893BC300049C12F /* ThirdInfoViewController.swift in Sources */,
				AC035EA1289121FD0068DC7E /* UserInfoViewController.swift in Sources */,
				AC3FEC2C288079BC00CDE796 /* UITableView + Extenstion.swift in Sources */,
				ACBA78FD2898DDE700CB39D5 /* MainUser.swift in Sources */,
				AC50BC9528A4EC0E009F39C5 /* EquipmentsTVCell.swift in Sources */,
				AC0E68A528AE0E4C00575631 /* Equips.swift in Sources */,
				ACE5CEB228AF559600EFC937 /* BasicEquipmentViewModel.swift in Sources */,
				AC3FEC202880697700CDE796 /* MainViewModel.swift in Sources */,
				AC6CA2962893BC270049C12F /* SecondInfoViewController.swift in Sources */,
				AC3FEC132880567800CDE796 /* SearchView.swift in Sources */,
				ACAEF33C287FF8F600AE98F1 /* MainInfo.swift in Sources */,
				AC6CA2942893BC1D0049C12F /* BasicInfoViewController.swift in Sources */,
				AC2AD53728A9C1780091F675 /* CharacterImageViewModel.swift in Sources */,
				AC035EA3289122160068DC7E /* UserInfoView.swift in Sources */,
				AC2C2B6228B360CE00621753 /* SpecialEquipments.swift in Sources */,
				AC3FEC1A28805DDC00CDE796 /* SettingViewController.swift in Sources */,
				AC3FEC2E2880F95900CDE796 /* UIImage + Extension.swift in Sources */,
				ACD4B78828A34ECD00846E21 /* SettingTVCell.swift in Sources */,
				ACBA79062899424900CB39D5 /* AppStorage.swift in Sources */,
				ACDE28A828B0A8E800BFD206 /* EquipmentDetailView.swift in Sources */,
				AC3FEC27288071CF00CDE796 /* Container.swift in Sources */,
				ACBA78F92898B4EC00CB39D5 /* String + Extension.swift in Sources */,
				ACAEF325287FF0D200AE98F1 /* SceneDelegate.swift in Sources */,
				ACAEF349287FF9A200AE98F1 /* Gem.swift in Sources */,
				AC2C2B5F28B354C300621753 /* AvatarViewModel.swift in Sources */,
				ACDE28AC28B11D2000BFD206 /* Int + Extension.swift in Sources */,
				ACDE28AA28B0A99300BFD206 /* EquipmentDetailViewModel.swift in Sources */,
				ACDC581C28B4877700EF8F0C /* Collection + Extension.swift in Sources */,
				AC8F11C82881026600D06AA6 /* CrawManager.swift in Sources */,
				ACDE28A628B0A8E000BFD206 /* EquipmentDetailViewController.swift in Sources */,
				AC2C2B5728B33A0300621753 /* JSON + Extension.swift in Sources */,
				AC035EA62891222C0068DC7E /* UserInfoViewModel.swift in Sources */,
			);
			runOnlyForDeploymentPostprocessing = 0;
		};
/* End PBXSourcesBuildPhase section */

/* Begin PBXVariantGroup section */
		ACAEF32D287FF0D300AE98F1 /* LaunchScreen.storyboard */ = {
			isa = PBXVariantGroup;
			children = (
				ACAEF32E287FF0D300AE98F1 /* Base */,
			);
			name = LaunchScreen.storyboard;
			sourceTree = "<group>";
		};
/* End PBXVariantGroup section */

/* Begin XCBuildConfiguration section */
		ACAEF331287FF0D300AE98F1 /* Debug */ = {
			isa = XCBuildConfiguration;
			buildSettings = {
				ALWAYS_SEARCH_USER_PATHS = NO;
				CLANG_ANALYZER_NONNULL = YES;
				CLANG_ANALYZER_NUMBER_OBJECT_CONVERSION = YES_AGGRESSIVE;
				CLANG_CXX_LANGUAGE_STANDARD = "gnu++17";
				CLANG_ENABLE_MODULES = YES;
				CLANG_ENABLE_OBJC_ARC = YES;
				CLANG_ENABLE_OBJC_WEAK = YES;
				CLANG_WARN_BLOCK_CAPTURE_AUTORELEASING = YES;
				CLANG_WARN_BOOL_CONVERSION = YES;
				CLANG_WARN_COMMA = YES;
				CLANG_WARN_CONSTANT_CONVERSION = YES;
				CLANG_WARN_DEPRECATED_OBJC_IMPLEMENTATIONS = YES;
				CLANG_WARN_DIRECT_OBJC_ISA_USAGE = YES_ERROR;
				CLANG_WARN_DOCUMENTATION_COMMENTS = YES;
				CLANG_WARN_EMPTY_BODY = YES;
				CLANG_WARN_ENUM_CONVERSION = YES;
				CLANG_WARN_INFINITE_RECURSION = YES;
				CLANG_WARN_INT_CONVERSION = YES;
				CLANG_WARN_NON_LITERAL_NULL_CONVERSION = YES;
				CLANG_WARN_OBJC_IMPLICIT_RETAIN_SELF = YES;
				CLANG_WARN_OBJC_LITERAL_CONVERSION = YES;
				CLANG_WARN_OBJC_ROOT_CLASS = YES_ERROR;
				CLANG_WARN_QUOTED_INCLUDE_IN_FRAMEWORK_HEADER = YES;
				CLANG_WARN_RANGE_LOOP_ANALYSIS = YES;
				CLANG_WARN_STRICT_PROTOTYPES = YES;
				CLANG_WARN_SUSPICIOUS_MOVE = YES;
				CLANG_WARN_UNGUARDED_AVAILABILITY = YES_AGGRESSIVE;
				CLANG_WARN_UNREACHABLE_CODE = YES;
				CLANG_WARN__DUPLICATE_METHOD_MATCH = YES;
				COPY_PHASE_STRIP = NO;
				DEBUG_INFORMATION_FORMAT = dwarf;
				ENABLE_STRICT_OBJC_MSGSEND = YES;
				ENABLE_TESTABILITY = YES;
				GCC_C_LANGUAGE_STANDARD = gnu11;
				GCC_DYNAMIC_NO_PIC = NO;
				GCC_NO_COMMON_BLOCKS = YES;
				GCC_OPTIMIZATION_LEVEL = 0;
				GCC_PREPROCESSOR_DEFINITIONS = (
					"DEBUG=1",
					"$(inherited)",
				);
				GCC_WARN_64_TO_32_BIT_CONVERSION = YES;
				GCC_WARN_ABOUT_RETURN_TYPE = YES_ERROR;
				GCC_WARN_UNDECLARED_SELECTOR = YES;
				GCC_WARN_UNINITIALIZED_AUTOS = YES_AGGRESSIVE;
				GCC_WARN_UNUSED_FUNCTION = YES;
				GCC_WARN_UNUSED_VARIABLE = YES;
				IPHONEOS_DEPLOYMENT_TARGET = 13.0;
				MTL_ENABLE_DEBUG_INFO = INCLUDE_SOURCE;
				MTL_FAST_MATH = YES;
				ONLY_ACTIVE_ARCH = YES;
				SDKROOT = iphoneos;
				SWIFT_ACTIVE_COMPILATION_CONDITIONS = DEBUG;
				SWIFT_OPTIMIZATION_LEVEL = "-Onone";
			};
			name = Debug;
		};
		ACAEF332287FF0D300AE98F1 /* Release */ = {
			isa = XCBuildConfiguration;
			buildSettings = {
				ALWAYS_SEARCH_USER_PATHS = NO;
				CLANG_ANALYZER_NONNULL = YES;
				CLANG_ANALYZER_NUMBER_OBJECT_CONVERSION = YES_AGGRESSIVE;
				CLANG_CXX_LANGUAGE_STANDARD = "gnu++17";
				CLANG_ENABLE_MODULES = YES;
				CLANG_ENABLE_OBJC_ARC = YES;
				CLANG_ENABLE_OBJC_WEAK = YES;
				CLANG_WARN_BLOCK_CAPTURE_AUTORELEASING = YES;
				CLANG_WARN_BOOL_CONVERSION = YES;
				CLANG_WARN_COMMA = YES;
				CLANG_WARN_CONSTANT_CONVERSION = YES;
				CLANG_WARN_DEPRECATED_OBJC_IMPLEMENTATIONS = YES;
				CLANG_WARN_DIRECT_OBJC_ISA_USAGE = YES_ERROR;
				CLANG_WARN_DOCUMENTATION_COMMENTS = YES;
				CLANG_WARN_EMPTY_BODY = YES;
				CLANG_WARN_ENUM_CONVERSION = YES;
				CLANG_WARN_INFINITE_RECURSION = YES;
				CLANG_WARN_INT_CONVERSION = YES;
				CLANG_WARN_NON_LITERAL_NULL_CONVERSION = YES;
				CLANG_WARN_OBJC_IMPLICIT_RETAIN_SELF = YES;
				CLANG_WARN_OBJC_LITERAL_CONVERSION = YES;
				CLANG_WARN_OBJC_ROOT_CLASS = YES_ERROR;
				CLANG_WARN_QUOTED_INCLUDE_IN_FRAMEWORK_HEADER = YES;
				CLANG_WARN_RANGE_LOOP_ANALYSIS = YES;
				CLANG_WARN_STRICT_PROTOTYPES = YES;
				CLANG_WARN_SUSPICIOUS_MOVE = YES;
				CLANG_WARN_UNGUARDED_AVAILABILITY = YES_AGGRESSIVE;
				CLANG_WARN_UNREACHABLE_CODE = YES;
				CLANG_WARN__DUPLICATE_METHOD_MATCH = YES;
				COPY_PHASE_STRIP = NO;
				DEBUG_INFORMATION_FORMAT = "dwarf-with-dsym";
				ENABLE_NS_ASSERTIONS = NO;
				ENABLE_STRICT_OBJC_MSGSEND = YES;
				GCC_C_LANGUAGE_STANDARD = gnu11;
				GCC_NO_COMMON_BLOCKS = YES;
				GCC_WARN_64_TO_32_BIT_CONVERSION = YES;
				GCC_WARN_ABOUT_RETURN_TYPE = YES_ERROR;
				GCC_WARN_UNDECLARED_SELECTOR = YES;
				GCC_WARN_UNINITIALIZED_AUTOS = YES_AGGRESSIVE;
				GCC_WARN_UNUSED_FUNCTION = YES;
				GCC_WARN_UNUSED_VARIABLE = YES;
				IPHONEOS_DEPLOYMENT_TARGET = 13.0;
				MTL_ENABLE_DEBUG_INFO = NO;
				MTL_FAST_MATH = YES;
				SDKROOT = iphoneos;
				SWIFT_COMPILATION_MODE = wholemodule;
				SWIFT_OPTIMIZATION_LEVEL = "-O";
				VALIDATE_PRODUCT = YES;
			};
			name = Release;
		};
		ACAEF334287FF0D300AE98F1 /* Debug */ = {
			isa = XCBuildConfiguration;
			baseConfigurationReference = D81085EAF2C0C2DCAF9844E4 /* Pods-LOARANG-MVVM.debug.xcconfig */;
			buildSettings = {
				ASSETCATALOG_COMPILER_APPICON_NAME = AppIcon;
				ASSETCATALOG_COMPILER_GLOBAL_ACCENT_COLOR_NAME = AccentColor;
				CODE_SIGN_STYLE = Automatic;
				CURRENT_PROJECT_VERSION = 1;
				DEVELOPMENT_TEAM = SD8J3B58T9;
				GENERATE_INFOPLIST_FILE = YES;
				INFOPLIST_FILE = "LOARANG-MVVM/Info.plist";
				INFOPLIST_KEY_UIApplicationSupportsIndirectInputEvents = YES;
				INFOPLIST_KEY_UILaunchStoryboardName = LaunchScreen;
				INFOPLIST_KEY_UISupportedInterfaceOrientations = "";
				INFOPLIST_KEY_UISupportedInterfaceOrientations_iPad = "UIInterfaceOrientationPortrait UIInterfaceOrientationPortraitUpsideDown UIInterfaceOrientationLandscapeLeft UIInterfaceOrientationLandscapeRight";
				INFOPLIST_KEY_UISupportedInterfaceOrientations_iPhone = "UIInterfaceOrientationPortrait UIInterfaceOrientationLandscapeLeft UIInterfaceOrientationLandscapeRight";
				LD_RUNPATH_SEARCH_PATHS = (
					"$(inherited)",
					"@executable_path/Frameworks",
				);
				MARKETING_VERSION = 1.0;
				PRODUCT_BUNDLE_IDENTIFIER = "Doogie.LOARANG-MVVM";
				PRODUCT_NAME = "$(TARGET_NAME)";
				SWIFT_EMIT_LOC_STRINGS = YES;
				SWIFT_VERSION = 5.0;
				TARGETED_DEVICE_FAMILY = 1;
			};
			name = Debug;
		};
		ACAEF335287FF0D300AE98F1 /* Release */ = {
			isa = XCBuildConfiguration;
			baseConfigurationReference = 8547102CE468BBFF3FCD4EB5 /* Pods-LOARANG-MVVM.release.xcconfig */;
			buildSettings = {
				ASSETCATALOG_COMPILER_APPICON_NAME = AppIcon;
				ASSETCATALOG_COMPILER_GLOBAL_ACCENT_COLOR_NAME = AccentColor;
				CODE_SIGN_STYLE = Automatic;
				CURRENT_PROJECT_VERSION = 1;
				DEVELOPMENT_TEAM = SD8J3B58T9;
				GENERATE_INFOPLIST_FILE = YES;
				INFOPLIST_FILE = "LOARANG-MVVM/Info.plist";
				INFOPLIST_KEY_UIApplicationSupportsIndirectInputEvents = YES;
				INFOPLIST_KEY_UILaunchStoryboardName = LaunchScreen;
				INFOPLIST_KEY_UISupportedInterfaceOrientations = "";
				INFOPLIST_KEY_UISupportedInterfaceOrientations_iPad = "UIInterfaceOrientationPortrait UIInterfaceOrientationPortraitUpsideDown UIInterfaceOrientationLandscapeLeft UIInterfaceOrientationLandscapeRight";
				INFOPLIST_KEY_UISupportedInterfaceOrientations_iPhone = "UIInterfaceOrientationPortrait UIInterfaceOrientationLandscapeLeft UIInterfaceOrientationLandscapeRight";
				LD_RUNPATH_SEARCH_PATHS = (
					"$(inherited)",
					"@executable_path/Frameworks",
				);
				MARKETING_VERSION = 1.0;
				PRODUCT_BUNDLE_IDENTIFIER = "Doogie.LOARANG-MVVM";
				PRODUCT_NAME = "$(TARGET_NAME)";
				SWIFT_EMIT_LOC_STRINGS = YES;
				SWIFT_VERSION = 5.0;
				TARGETED_DEVICE_FAMILY = 1;
			};
			name = Release;
		};
/* End XCBuildConfiguration section */

/* Begin XCConfigurationList section */
		ACAEF31A287FF0D200AE98F1 /* Build configuration list for PBXProject "LOARANG-MVVM" */ = {
			isa = XCConfigurationList;
			buildConfigurations = (
				ACAEF331287FF0D300AE98F1 /* Debug */,
				ACAEF332287FF0D300AE98F1 /* Release */,
			);
			defaultConfigurationIsVisible = 0;
			defaultConfigurationName = Release;
		};
		ACAEF333287FF0D300AE98F1 /* Build configuration list for PBXNativeTarget "LOARANG-MVVM" */ = {
			isa = XCConfigurationList;
			buildConfigurations = (
				ACAEF334287FF0D300AE98F1 /* Debug */,
				ACAEF335287FF0D300AE98F1 /* Release */,
			);
			defaultConfigurationIsVisible = 0;
			defaultConfigurationName = Release;
		};
/* End XCConfigurationList section */
	};
	rootObject = ACAEF317287FF0D200AE98F1 /* Project object */;
}
