// !$*UTF8*$!
{
	archiveVersion = 1;
	classes = {
	};
	objectVersion = 55;
	objects = {

/* Begin PBXBuildFile section */
		AC31A8DD283B3F4D00597055 /* BlackHanSans-Regular.ttf in Resources */ = {isa = PBXBuildFile; fileRef = AC31A8DC283B3F4D00597055 /* BlackHanSans-Regular.ttf */; };
		AC31A8E4283B8FDE00597055 /* BookMarkCell.swift in Sources */ = {isa = PBXBuildFile; fileRef = AC31A8E2283B8FDE00597055 /* BookMarkCell.swift */; };
		AC31A8E5283B8FDE00597055 /* BookMarkCell.xib in Resources */ = {isa = PBXBuildFile; fileRef = AC31A8E3283B8FDE00597055 /* BookMarkCell.xib */; };
		AC31A8E8283B925100597055 /* BookMarkTableViewCell.swift in Sources */ = {isa = PBXBuildFile; fileRef = AC31A8E6283B925100597055 /* BookMarkTableViewCell.swift */; };
		AC31A8E9283B925100597055 /* BookMarkTableViewCell.xib in Resources */ = {isa = PBXBuildFile; fileRef = AC31A8E7283B925100597055 /* BookMarkTableViewCell.xib */; };
		ACD92682283B3A970026985C /* AppDelegate.swift in Sources */ = {isa = PBXBuildFile; fileRef = ACD92681283B3A970026985C /* AppDelegate.swift */; };
		ACD92684283B3A970026985C /* SceneDelegate.swift in Sources */ = {isa = PBXBuildFile; fileRef = ACD92683283B3A970026985C /* SceneDelegate.swift */; };
		ACD92686283B3A970026985C /* ViewController.swift in Sources */ = {isa = PBXBuildFile; fileRef = ACD92685283B3A970026985C /* ViewController.swift */; };
		ACD92689283B3A970026985C /* Main.storyboard in Resources */ = {isa = PBXBuildFile; fileRef = ACD92687283B3A970026985C /* Main.storyboard */; };
		ACD9268B283B3A970026985C /* Assets.xcassets in Resources */ = {isa = PBXBuildFile; fileRef = ACD9268A283B3A970026985C /* Assets.xcassets */; };
		ACD9268E283B3A970026985C /* LaunchScreen.storyboard in Resources */ = {isa = PBXBuildFile; fileRef = ACD9268C283B3A970026985C /* LaunchScreen.storyboard */; };
/* End PBXBuildFile section */

/* Begin PBXFileReference section */
		AC31A8DC283B3F4D00597055 /* BlackHanSans-Regular.ttf */ = {isa = PBXFileReference; lastKnownFileType = file; path = "BlackHanSans-Regular.ttf"; sourceTree = "<group>"; };
		AC31A8E2283B8FDE00597055 /* BookMarkCell.swift */ = {isa = PBXFileReference; lastKnownFileType = sourcecode.swift; path = BookMarkCell.swift; sourceTree = "<group>"; };
		AC31A8E3283B8FDE00597055 /* BookMarkCell.xib */ = {isa = PBXFileReference; lastKnownFileType = file.xib; path = BookMarkCell.xib; sourceTree = "<group>"; };
		AC31A8E6283B925100597055 /* BookMarkTableViewCell.swift */ = {isa = PBXFileReference; lastKnownFileType = sourcecode.swift; path = BookMarkTableViewCell.swift; sourceTree = "<group>"; };
		AC31A8E7283B925100597055 /* BookMarkTableViewCell.xib */ = {isa = PBXFileReference; lastKnownFileType = file.xib; path = BookMarkTableViewCell.xib; sourceTree = "<group>"; };
		ACD9267E283B3A970026985C /* LOARANG.app */ = {isa = PBXFileReference; explicitFileType = wrapper.application; includeInIndex = 0; path = LOARANG.app; sourceTree = BUILT_PRODUCTS_DIR; };
		ACD92681283B3A970026985C /* AppDelegate.swift */ = {isa = PBXFileReference; lastKnownFileType = sourcecode.swift; path = AppDelegate.swift; sourceTree = "<group>"; };
		ACD92683283B3A970026985C /* SceneDelegate.swift */ = {isa = PBXFileReference; lastKnownFileType = sourcecode.swift; path = SceneDelegate.swift; sourceTree = "<group>"; };
		ACD92685283B3A970026985C /* ViewController.swift */ = {isa = PBXFileReference; lastKnownFileType = sourcecode.swift; path = ViewController.swift; sourceTree = "<group>"; };
		ACD92688283B3A970026985C /* Base */ = {isa = PBXFileReference; lastKnownFileType = file.storyboard; name = Base; path = Base.lproj/Main.storyboard; sourceTree = "<group>"; };
		ACD9268A283B3A970026985C /* Assets.xcassets */ = {isa = PBXFileReference; lastKnownFileType = folder.assetcatalog; path = Assets.xcassets; sourceTree = "<group>"; };
		ACD9268D283B3A970026985C /* Base */ = {isa = PBXFileReference; lastKnownFileType = file.storyboard; name = Base; path = Base.lproj/LaunchScreen.storyboard; sourceTree = "<group>"; };
		ACD9268F283B3A970026985C /* Info.plist */ = {isa = PBXFileReference; lastKnownFileType = text.plist.xml; path = Info.plist; sourceTree = "<group>"; };
/* End PBXFileReference section */

/* Begin PBXFrameworksBuildPhase section */
		ACD9267B283B3A970026985C /* Frameworks */ = {
			isa = PBXFrameworksBuildPhase;
			buildActionMask = 2147483647;
			files = (
			);
			runOnlyForDeploymentPostprocessing = 0;
		};
/* End PBXFrameworksBuildPhase section */

/* Begin PBXGroup section */
		AC31A8D9283B3F2C00597055 /* Font */ = {
			isa = PBXGroup;
			children = (
				AC31A8DC283B3F4D00597055 /* BlackHanSans-Regular.ttf */,
			);
			path = Font;
			sourceTree = "<group>";
		};
		ACD92675283B3A970026985C = {
			isa = PBXGroup;
			children = (
				ACD92680283B3A970026985C /* LOARANG */,
				ACD9267F283B3A970026985C /* Products */,
			);
			sourceTree = "<group>";
		};
		ACD9267F283B3A970026985C /* Products */ = {
			isa = PBXGroup;
			children = (
				ACD9267E283B3A970026985C /* LOARANG.app */,
			);
			name = Products;
			sourceTree = "<group>";
		};
		ACD92680283B3A970026985C /* LOARANG */ = {
			isa = PBXGroup;
			children = (
				AC31A8D9283B3F2C00597055 /* Font */,
				ACD92681283B3A970026985C /* AppDelegate.swift */,
				ACD92683283B3A970026985C /* SceneDelegate.swift */,
				ACD92685283B3A970026985C /* ViewController.swift */,
				AC31A8E6283B925100597055 /* BookMarkTableViewCell.swift */,
				AC31A8E2283B8FDE00597055 /* BookMarkCell.swift */,
				ACD92687283B3A970026985C /* Main.storyboard */,
				AC31A8E7283B925100597055 /* BookMarkTableViewCell.xib */,
				AC31A8E3283B8FDE00597055 /* BookMarkCell.xib */,
				ACD9268A283B3A970026985C /* Assets.xcassets */,
				ACD9268C283B3A970026985C /* LaunchScreen.storyboard */,
				ACD9268F283B3A970026985C /* Info.plist */,
			);
			path = LOARANG;
			sourceTree = "<group>";
		};
/* End PBXGroup section */

/* Begin PBXNativeTarget section */
		ACD9267D283B3A970026985C /* LOARANG */ = {
			isa = PBXNativeTarget;
			buildConfigurationList = ACD92692283B3A970026985C /* Build configuration list for PBXNativeTarget "LOARANG" */;
			buildPhases = (
				ACD9267A283B3A970026985C /* Sources */,
				ACD9267B283B3A970026985C /* Frameworks */,
				ACD9267C283B3A970026985C /* Resources */,
			);
			buildRules = (
			);
			dependencies = (
			);
			name = LOARANG;
			productName = LOARANG;
			productReference = ACD9267E283B3A970026985C /* LOARANG.app */;
			productType = "com.apple.product-type.application";
		};
/* End PBXNativeTarget section */

/* Begin PBXProject section */
		ACD92676283B3A970026985C /* Project object */ = {
			isa = PBXProject;
			attributes = {
				BuildIndependentTargetsInParallel = 1;
				LastSwiftUpdateCheck = 1330;
				LastUpgradeCheck = 1330;
				TargetAttributes = {
					ACD9267D283B3A970026985C = {
						CreatedOnToolsVersion = 13.3.1;
					};
				};
			};
			buildConfigurationList = ACD92679283B3A970026985C /* Build configuration list for PBXProject "LOARANG" */;
			compatibilityVersion = "Xcode 13.0";
			developmentRegion = en;
			hasScannedForEncodings = 0;
			knownRegions = (
				en,
				Base,
			);
			mainGroup = ACD92675283B3A970026985C;
			productRefGroup = ACD9267F283B3A970026985C /* Products */;
			projectDirPath = "";
			projectRoot = "";
			targets = (
				ACD9267D283B3A970026985C /* LOARANG */,
			);
		};
/* End PBXProject section */

/* Begin PBXResourcesBuildPhase section */
		ACD9267C283B3A970026985C /* Resources */ = {
			isa = PBXResourcesBuildPhase;
			buildActionMask = 2147483647;
			files = (
				AC31A8DD283B3F4D00597055 /* BlackHanSans-Regular.ttf in Resources */,
				AC31A8E9283B925100597055 /* BookMarkTableViewCell.xib in Resources */,
				ACD9268E283B3A970026985C /* LaunchScreen.storyboard in Resources */,
				ACD9268B283B3A970026985C /* Assets.xcassets in Resources */,
				AC31A8E5283B8FDE00597055 /* BookMarkCell.xib in Resources */,
				ACD92689283B3A970026985C /* Main.storyboard in Resources */,
			);
			runOnlyForDeploymentPostprocessing = 0;
		};
/* End PBXResourcesBuildPhase section */

/* Begin PBXSourcesBuildPhase section */
		ACD9267A283B3A970026985C /* Sources */ = {
			isa = PBXSourcesBuildPhase;
			buildActionMask = 2147483647;
			files = (
				ACD92686283B3A970026985C /* ViewController.swift in Sources */,
				AC31A8E8283B925100597055 /* BookMarkTableViewCell.swift in Sources */,
				ACD92682283B3A970026985C /* AppDelegate.swift in Sources */,
				ACD92684283B3A970026985C /* SceneDelegate.swift in Sources */,
				AC31A8E4283B8FDE00597055 /* BookMarkCell.swift in Sources */,
			);
			runOnlyForDeploymentPostprocessing = 0;
		};
/* End PBXSourcesBuildPhase section */

/* Begin PBXVariantGroup section */
		ACD92687283B3A970026985C /* Main.storyboard */ = {
			isa = PBXVariantGroup;
			children = (
				ACD92688283B3A970026985C /* Base */,
			);
			name = Main.storyboard;
			sourceTree = "<group>";
		};
		ACD9268C283B3A970026985C /* LaunchScreen.storyboard */ = {
			isa = PBXVariantGroup;
			children = (
				ACD9268D283B3A970026985C /* Base */,
			);
			name = LaunchScreen.storyboard;
			sourceTree = "<group>";
		};
/* End PBXVariantGroup section */

/* Begin XCBuildConfiguration section */
		ACD92690283B3A970026985C /* Debug */ = {
			isa = XCBuildConfiguration;
			buildSettings = {
				ALWAYS_SEARCH_USER_PATHS = NO;
				CLANG_ANALYZER_NONNULL = YES;
				CLANG_ANALYZER_NUMBER_OBJECT_CONVERSION = YES_AGGRESSIVE;
				CLANG_CXX_LANGUAGE_STANDARD = "gnu++17";
				CLANG_ENABLE_MODULES = YES;
				CLANG_ENABLE_OBJC_ARC = YES;
				CLANG_ENABLE_OBJC_WEAK = YES;
				CLANG_WARN_BLOCK_CAPTURE_AUTORELEASING = YES;
				CLANG_WARN_BOOL_CONVERSION = YES;
				CLANG_WARN_COMMA = YES;
				CLANG_WARN_CONSTANT_CONVERSION = YES;
				CLANG_WARN_DEPRECATED_OBJC_IMPLEMENTATIONS = YES;
				CLANG_WARN_DIRECT_OBJC_ISA_USAGE = YES_ERROR;
				CLANG_WARN_DOCUMENTATION_COMMENTS = YES;
				CLANG_WARN_EMPTY_BODY = YES;
				CLANG_WARN_ENUM_CONVERSION = YES;
				CLANG_WARN_INFINITE_RECURSION = YES;
				CLANG_WARN_INT_CONVERSION = YES;
				CLANG_WARN_NON_LITERAL_NULL_CONVERSION = YES;
				CLANG_WARN_OBJC_IMPLICIT_RETAIN_SELF = YES;
				CLANG_WARN_OBJC_LITERAL_CONVERSION = YES;
				CLANG_WARN_OBJC_ROOT_CLASS = YES_ERROR;
				CLANG_WARN_QUOTED_INCLUDE_IN_FRAMEWORK_HEADER = YES;
				CLANG_WARN_RANGE_LOOP_ANALYSIS = YES;
				CLANG_WARN_STRICT_PROTOTYPES = YES;
				CLANG_WARN_SUSPICIOUS_MOVE = YES;
				CLANG_WARN_UNGUARDED_AVAILABILITY = YES_AGGRESSIVE;
				CLANG_WARN_UNREACHABLE_CODE = YES;
				CLANG_WARN__DUPLICATE_METHOD_MATCH = YES;
				COPY_PHASE_STRIP = NO;
				DEBUG_INFORMATION_FORMAT = dwarf;
				ENABLE_STRICT_OBJC_MSGSEND = YES;
				ENABLE_TESTABILITY = YES;
				GCC_C_LANGUAGE_STANDARD = gnu11;
				GCC_DYNAMIC_NO_PIC = NO;
				GCC_NO_COMMON_BLOCKS = YES;
				GCC_OPTIMIZATION_LEVEL = 0;
				GCC_PREPROCESSOR_DEFINITIONS = (
					"DEBUG=1",
					"$(inherited)",
				);
				GCC_WARN_64_TO_32_BIT_CONVERSION = YES;
				GCC_WARN_ABOUT_RETURN_TYPE = YES_ERROR;
				GCC_WARN_UNDECLARED_SELECTOR = YES;
				GCC_WARN_UNINITIALIZED_AUTOS = YES_AGGRESSIVE;
				GCC_WARN_UNUSED_FUNCTION = YES;
				GCC_WARN_UNUSED_VARIABLE = YES;
				IPHONEOS_DEPLOYMENT_TARGET = 14.0;
				MTL_ENABLE_DEBUG_INFO = INCLUDE_SOURCE;
				MTL_FAST_MATH = YES;
				ONLY_ACTIVE_ARCH = YES;
				SDKROOT = iphoneos;
				SWIFT_ACTIVE_COMPILATION_CONDITIONS = DEBUG;
				SWIFT_OPTIMIZATION_LEVEL = "-Onone";
			};
			name = Debug;
		};
		ACD92691283B3A970026985C /* Release */ = {
			isa = XCBuildConfiguration;
			buildSettings = {
				ALWAYS_SEARCH_USER_PATHS = NO;
				CLANG_ANALYZER_NONNULL = YES;
				CLANG_ANALYZER_NUMBER_OBJECT_CONVERSION = YES_AGGRESSIVE;
				CLANG_CXX_LANGUAGE_STANDARD = "gnu++17";
				CLANG_ENABLE_MODULES = YES;
				CLANG_ENABLE_OBJC_ARC = YES;
				CLANG_ENABLE_OBJC_WEAK = YES;
				CLANG_WARN_BLOCK_CAPTURE_AUTORELEASING = YES;
				CLANG_WARN_BOOL_CONVERSION = YES;
				CLANG_WARN_COMMA = YES;
				CLANG_WARN_CONSTANT_CONVERSION = YES;
				CLANG_WARN_DEPRECATED_OBJC_IMPLEMENTATIONS = YES;
				CLANG_WARN_DIRECT_OBJC_ISA_USAGE = YES_ERROR;
				CLANG_WARN_DOCUMENTATION_COMMENTS = YES;
				CLANG_WARN_EMPTY_BODY = YES;
				CLANG_WARN_ENUM_CONVERSION = YES;
				CLANG_WARN_INFINITE_RECURSION = YES;
				CLANG_WARN_INT_CONVERSION = YES;
				CLANG_WARN_NON_LITERAL_NULL_CONVERSION = YES;
				CLANG_WARN_OBJC_IMPLICIT_RETAIN_SELF = YES;
				CLANG_WARN_OBJC_LITERAL_CONVERSION = YES;
				CLANG_WARN_OBJC_ROOT_CLASS = YES_ERROR;
				CLANG_WARN_QUOTED_INCLUDE_IN_FRAMEWORK_HEADER = YES;
				CLANG_WARN_RANGE_LOOP_ANALYSIS = YES;
				CLANG_WARN_STRICT_PROTOTYPES = YES;
				CLANG_WARN_SUSPICIOUS_MOVE = YES;
				CLANG_WARN_UNGUARDED_AVAILABILITY = YES_AGGRESSIVE;
				CLANG_WARN_UNREACHABLE_CODE = YES;
				CLANG_WARN__DUPLICATE_METHOD_MATCH = YES;
				COPY_PHASE_STRIP = NO;
				DEBUG_INFORMATION_FORMAT = "dwarf-with-dsym";
				ENABLE_NS_ASSERTIONS = NO;
				ENABLE_STRICT_OBJC_MSGSEND = YES;
				GCC_C_LANGUAGE_STANDARD = gnu11;
				GCC_NO_COMMON_BLOCKS = YES;
				GCC_WARN_64_TO_32_BIT_CONVERSION = YES;
				GCC_WARN_ABOUT_RETURN_TYPE = YES_ERROR;
				GCC_WARN_UNDECLARED_SELECTOR = YES;
				GCC_WARN_UNINITIALIZED_AUTOS = YES_AGGRESSIVE;
				GCC_WARN_UNUSED_FUNCTION = YES;
				GCC_WARN_UNUSED_VARIABLE = YES;
				IPHONEOS_DEPLOYMENT_TARGET = 14.0;
				MTL_ENABLE_DEBUG_INFO = NO;
				MTL_FAST_MATH = YES;
				SDKROOT = iphoneos;
				SWIFT_COMPILATION_MODE = wholemodule;
				SWIFT_OPTIMIZATION_LEVEL = "-O";
				VALIDATE_PRODUCT = YES;
			};
			name = Release;
		};
		ACD92693283B3A970026985C /* Debug */ = {
			isa = XCBuildConfiguration;
			buildSettings = {
				ASSETCATALOG_COMPILER_APPICON_NAME = AppIcon;
				ASSETCATALOG_COMPILER_GLOBAL_ACCENT_COLOR_NAME = AccentColor;
				CODE_SIGN_STYLE = Automatic;
				CURRENT_PROJECT_VERSION = 1;
				DEVELOPMENT_TEAM = SD8J3B58T9;
				GENERATE_INFOPLIST_FILE = YES;
				INFOPLIST_FILE = LOARANG/Info.plist;
				INFOPLIST_KEY_UIApplicationSupportsIndirectInputEvents = YES;
				INFOPLIST_KEY_UILaunchStoryboardName = LaunchScreen;
				INFOPLIST_KEY_UIMainStoryboardFile = Main;
				INFOPLIST_KEY_UISupportedInterfaceOrientations_iPad = "UIInterfaceOrientationPortrait UIInterfaceOrientationPortraitUpsideDown UIInterfaceOrientationLandscapeLeft UIInterfaceOrientationLandscapeRight";
				INFOPLIST_KEY_UISupportedInterfaceOrientations_iPhone = "UIInterfaceOrientationPortrait UIInterfaceOrientationLandscapeLeft UIInterfaceOrientationLandscapeRight";
				LD_RUNPATH_SEARCH_PATHS = (
					"$(inherited)",
					"@executable_path/Frameworks",
				);
				MARKETING_VERSION = 1.0;
				PRODUCT_BUNDLE_IDENTIFIER = Doogie.LOARANG;
				PRODUCT_NAME = "$(TARGET_NAME)";
				SWIFT_EMIT_LOC_STRINGS = YES;
				SWIFT_VERSION = 5.0;
				TARGETED_DEVICE_FAMILY = "1,2";
			};
			name = Debug;
		};
		ACD92694283B3A970026985C /* Release */ = {
			isa = XCBuildConfiguration;
			buildSettings = {
				ASSETCATALOG_COMPILER_APPICON_NAME = AppIcon;
				ASSETCATALOG_COMPILER_GLOBAL_ACCENT_COLOR_NAME = AccentColor;
				CODE_SIGN_STYLE = Automatic;
				CURRENT_PROJECT_VERSION = 1;
				DEVELOPMENT_TEAM = SD8J3B58T9;
				GENERATE_INFOPLIST_FILE = YES;
				INFOPLIST_FILE = LOARANG/Info.plist;
				INFOPLIST_KEY_UIApplicationSupportsIndirectInputEvents = YES;
				INFOPLIST_KEY_UILaunchStoryboardName = LaunchScreen;
				INFOPLIST_KEY_UIMainStoryboardFile = Main;
				INFOPLIST_KEY_UISupportedInterfaceOrientations_iPad = "UIInterfaceOrientationPortrait UIInterfaceOrientationPortraitUpsideDown UIInterfaceOrientationLandscapeLeft UIInterfaceOrientationLandscapeRight";
				INFOPLIST_KEY_UISupportedInterfaceOrientations_iPhone = "UIInterfaceOrientationPortrait UIInterfaceOrientationLandscapeLeft UIInterfaceOrientationLandscapeRight";
				LD_RUNPATH_SEARCH_PATHS = (
					"$(inherited)",
					"@executable_path/Frameworks",
				);
				MARKETING_VERSION = 1.0;
				PRODUCT_BUNDLE_IDENTIFIER = Doogie.LOARANG;
				PRODUCT_NAME = "$(TARGET_NAME)";
				SWIFT_EMIT_LOC_STRINGS = YES;
				SWIFT_VERSION = 5.0;
				TARGETED_DEVICE_FAMILY = "1,2";
			};
			name = Release;
		};
/* End XCBuildConfiguration section */

/* Begin XCConfigurationList section */
		ACD92679283B3A970026985C /* Build configuration list for PBXProject "LOARANG" */ = {
			isa = XCConfigurationList;
			buildConfigurations = (
				ACD92690283B3A970026985C /* Debug */,
				ACD92691283B3A970026985C /* Release */,
			);
			defaultConfigurationIsVisible = 0;
			defaultConfigurationName = Release;
		};
		ACD92692283B3A970026985C /* Build configuration list for PBXNativeTarget "LOARANG" */ = {
			isa = XCConfigurationList;
			buildConfigurations = (
				ACD92693283B3A970026985C /* Debug */,
				ACD92694283B3A970026985C /* Release */,
			);
			defaultConfigurationIsVisible = 0;
			defaultConfigurationName = Release;
		};
/* End XCConfigurationList section */
	};
	rootObject = ACD92676283B3A970026985C /* Project object */;
}
