// !$*UTF8*$!
{
	archiveVersion = 1;
	classes = {
	};
	objectVersion = 55;
	objects = {

/* Begin PBXBuildFile section */
		AC1E3F4B2851B08900462AA9 /* SettingViewController.swift in Sources */ = {isa = PBXBuildFile; fileRef = AC1E3F4A2851B08900462AA9 /* SettingViewController.swift */; };
		AC31A8DD283B3F4D00597055 /* BlackHanSans-Regular.ttf in Resources */ = {isa = PBXBuildFile; fileRef = AC31A8DC283B3F4D00597055 /* BlackHanSans-Regular.ttf */; };
		AC31A8E4283B8FDE00597055 /* BookMarkCVCell.swift in Sources */ = {isa = PBXBuildFile; fileRef = AC31A8E2283B8FDE00597055 /* BookMarkCVCell.swift */; };
		AC31A8E5283B8FDE00597055 /* BookMarkCVCell.xib in Resources */ = {isa = PBXBuildFile; fileRef = AC31A8E3283B8FDE00597055 /* BookMarkCVCell.xib */; };
		AC31A8E8283B925100597055 /* BookMarkTVCell.swift in Sources */ = {isa = PBXBuildFile; fileRef = AC31A8E6283B925100597055 /* BookMarkTVCell.swift */; };
		AC31A8E9283B925100597055 /* BookMarkTVCell.xib in Resources */ = {isa = PBXBuildFile; fileRef = AC31A8E7283B925100597055 /* BookMarkTVCell.xib */; };
		AC39064B28508F2C00361391 /* BookmarkManager.swift in Sources */ = {isa = PBXBuildFile; fileRef = AC39064A28508F2C00361391 /* BookmarkManager.swift */; };
		AC39064D2850ED3F00361391 /* UIButton + Extension.swift in Sources */ = {isa = PBXBuildFile; fileRef = AC39064C2850ED3F00361391 /* UIButton + Extension.swift */; };
		AC39064F2851125200361391 /* Notification.Name + Extension.swift in Sources */ = {isa = PBXBuildFile; fileRef = AC39064E2851125200361391 /* Notification.Name + Extension.swift */; };
		AC5F81DE283DE53D0006A2BB /* SearchViewController.swift in Sources */ = {isa = PBXBuildFile; fileRef = AC5F81DD283DE53D0006A2BB /* SearchViewController.swift */; };
		AC740CA5284F444B0015562C /* BasicAbilityTVCell.swift in Sources */ = {isa = PBXBuildFile; fileRef = AC740CA3284F444B0015562C /* BasicAbilityTVCell.swift */; };
		AC740CA6284F444B0015562C /* BasicAbilityTVCell.xib in Resources */ = {isa = PBXBuildFile; fileRef = AC740CA4284F444B0015562C /* BasicAbilityTVCell.xib */; };
		ACAF1B61284504A000BD7991 /* UIFont + Extension.swift in Sources */ = {isa = PBXBuildFile; fileRef = ACAF1B60284504A000BD7991 /* UIFont + Extension.swift */; };
		ACAF1B692845265E00BD7991 /* Accessoryable.swift in Sources */ = {isa = PBXBuildFile; fileRef = ACAF1B682845265E00BD7991 /* Accessoryable.swift */; };
		ACB73C38283E7BB5006B25EA /* CrawlManager.swift in Sources */ = {isa = PBXBuildFile; fileRef = ACB73C37283E7BB5006B25EA /* CrawlManager.swift */; };
		ACB73C40283E81C2006B25EA /* CrawlManagerTest.swift in Sources */ = {isa = PBXBuildFile; fileRef = ACB73C3F283E81C2006B25EA /* CrawlManagerTest.swift */; };
		ACB73C48283E868F006B25EA /* String + Extension.swift in Sources */ = {isa = PBXBuildFile; fileRef = ACB73C47283E868F006B25EA /* String + Extension.swift */; };
		ACB73C4A283E8846006B25EA /* UserInfoModel.swift in Sources */ = {isa = PBXBuildFile; fileRef = ACB73C49283E8846006B25EA /* UserInfoModel.swift */; };
		ACB73C4C283E9196006B25EA /* UserInfoViewController.swift in Sources */ = {isa = PBXBuildFile; fileRef = ACB73C4B283E9196006B25EA /* UserInfoViewController.swift */; };
		ACCB6556284501E5008FFF9A /* ONE-Mobile-Bold.ttf in Resources */ = {isa = PBXBuildFile; fileRef = ACCB6553284501E5008FFF9A /* ONE-Mobile-Bold.ttf */; };
		ACCB6557284501E5008FFF9A /* ONE-Mobile-Light.ttf in Resources */ = {isa = PBXBuildFile; fileRef = ACCB6554284501E5008FFF9A /* ONE-Mobile-Light.ttf */; };
		ACCB6558284501E5008FFF9A /* ONE-Mobile-Regular.ttf in Resources */ = {isa = PBXBuildFile; fileRef = ACCB6555284501E5008FFF9A /* ONE-Mobile-Regular.ttf */; };
		ACD34D54283F6FE200A5AA72 /* MianUserTVCell.swift in Sources */ = {isa = PBXBuildFile; fileRef = ACD34D52283F6FE200A5AA72 /* MianUserTVCell.swift */; };
		ACD34D55283F6FE200A5AA72 /* MianUserTVCell.xib in Resources */ = {isa = PBXBuildFile; fileRef = ACD34D53283F6FE200A5AA72 /* MianUserTVCell.xib */; };
		ACD92682283B3A970026985C /* AppDelegate.swift in Sources */ = {isa = PBXBuildFile; fileRef = ACD92681283B3A970026985C /* AppDelegate.swift */; };
		ACD92684283B3A970026985C /* SceneDelegate.swift in Sources */ = {isa = PBXBuildFile; fileRef = ACD92683283B3A970026985C /* SceneDelegate.swift */; };
		ACD92686283B3A970026985C /* MainViewController.swift in Sources */ = {isa = PBXBuildFile; fileRef = ACD92685283B3A970026985C /* MainViewController.swift */; };
		ACD92689283B3A970026985C /* Main.storyboard in Resources */ = {isa = PBXBuildFile; fileRef = ACD92687283B3A970026985C /* Main.storyboard */; };
		ACD9268B283B3A970026985C /* Assets.xcassets in Resources */ = {isa = PBXBuildFile; fileRef = ACD9268A283B3A970026985C /* Assets.xcassets */; };
		ACD9268E283B3A970026985C /* LaunchScreen.storyboard in Resources */ = {isa = PBXBuildFile; fileRef = ACD9268C283B3A970026985C /* LaunchScreen.storyboard */; };
		ACEE2DD9284EE47B0032B136 /* CrawlError.swift in Sources */ = {isa = PBXBuildFile; fileRef = ACEE2DD8284EE47B0032B136 /* CrawlError.swift */; };
		ACEE2DE2284EFC9B0032B136 /* BasicInfoTVCell.swift in Sources */ = {isa = PBXBuildFile; fileRef = ACEE2DE0284EFC9B0032B136 /* BasicInfoTVCell.swift */; };
		ACEE2DE3284EFC9B0032B136 /* BasicInfoTVCell.xib in Resources */ = {isa = PBXBuildFile; fileRef = ACEE2DE1284EFC9B0032B136 /* BasicInfoTVCell.xib */; };
		E9F3B5CEB0F4F431AB6934C4 /* Pods_LOARANG.framework in Frameworks */ = {isa = PBXBuildFile; fileRef = 02C14C631BAF65479E128D06 /* Pods_LOARANG.framework */; };
/* End PBXBuildFile section */

/* Begin PBXContainerItemProxy section */
		ACB73C41283E81C2006B25EA /* PBXContainerItemProxy */ = {
			isa = PBXContainerItemProxy;
			containerPortal = ACD92676283B3A970026985C /* Project object */;
			proxyType = 1;
			remoteGlobalIDString = ACD9267D283B3A970026985C;
			remoteInfo = LOARANG;
		};
/* End PBXContainerItemProxy section */

/* Begin PBXFileReference section */
		02C14C631BAF65479E128D06 /* Pods_LOARANG.framework */ = {isa = PBXFileReference; explicitFileType = wrapper.framework; includeInIndex = 0; path = Pods_LOARANG.framework; sourceTree = BUILT_PRODUCTS_DIR; };
		7C253EC8E4F80C72BD38420C /* Pods-LOARANG.release.xcconfig */ = {isa = PBXFileReference; includeInIndex = 1; lastKnownFileType = text.xcconfig; name = "Pods-LOARANG.release.xcconfig"; path = "Target Support Files/Pods-LOARANG/Pods-LOARANG.release.xcconfig"; sourceTree = "<group>"; };
		85BE14C612AC81859F78A55C /* Pods-LOARANG.debug.xcconfig */ = {isa = PBXFileReference; includeInIndex = 1; lastKnownFileType = text.xcconfig; name = "Pods-LOARANG.debug.xcconfig"; path = "Target Support Files/Pods-LOARANG/Pods-LOARANG.debug.xcconfig"; sourceTree = "<group>"; };
		AC1E3F4A2851B08900462AA9 /* SettingViewController.swift */ = {isa = PBXFileReference; lastKnownFileType = sourcecode.swift; path = SettingViewController.swift; sourceTree = "<group>"; };
		AC31A8DC283B3F4D00597055 /* BlackHanSans-Regular.ttf */ = {isa = PBXFileReference; lastKnownFileType = file; path = "BlackHanSans-Regular.ttf"; sourceTree = "<group>"; };
		AC31A8E2283B8FDE00597055 /* BookMarkCVCell.swift */ = {isa = PBXFileReference; lastKnownFileType = sourcecode.swift; path = BookMarkCVCell.swift; sourceTree = "<group>"; };
		AC31A8E3283B8FDE00597055 /* BookMarkCVCell.xib */ = {isa = PBXFileReference; lastKnownFileType = file.xib; path = BookMarkCVCell.xib; sourceTree = "<group>"; };
		AC31A8E6283B925100597055 /* BookMarkTVCell.swift */ = {isa = PBXFileReference; lastKnownFileType = sourcecode.swift; path = BookMarkTVCell.swift; sourceTree = "<group>"; };
		AC31A8E7283B925100597055 /* BookMarkTVCell.xib */ = {isa = PBXFileReference; lastKnownFileType = file.xib; path = BookMarkTVCell.xib; sourceTree = "<group>"; };
		AC39064A28508F2C00361391 /* BookmarkManager.swift */ = {isa = PBXFileReference; lastKnownFileType = sourcecode.swift; path = BookmarkManager.swift; sourceTree = "<group>"; };
		AC39064C2850ED3F00361391 /* UIButton + Extension.swift */ = {isa = PBXFileReference; lastKnownFileType = sourcecode.swift; path = "UIButton + Extension.swift"; sourceTree = "<group>"; };
		AC39064E2851125200361391 /* Notification.Name + Extension.swift */ = {isa = PBXFileReference; lastKnownFileType = sourcecode.swift; path = "Notification.Name + Extension.swift"; sourceTree = "<group>"; };
		AC5F81DD283DE53D0006A2BB /* SearchViewController.swift */ = {isa = PBXFileReference; lastKnownFileType = sourcecode.swift; path = SearchViewController.swift; sourceTree = "<group>"; };
		AC740CA3284F444B0015562C /* BasicAbilityTVCell.swift */ = {isa = PBXFileReference; lastKnownFileType = sourcecode.swift; path = BasicAbilityTVCell.swift; sourceTree = "<group>"; };
		AC740CA4284F444B0015562C /* BasicAbilityTVCell.xib */ = {isa = PBXFileReference; lastKnownFileType = file.xib; path = BasicAbilityTVCell.xib; sourceTree = "<group>"; };
		ACAF1B60284504A000BD7991 /* UIFont + Extension.swift */ = {isa = PBXFileReference; lastKnownFileType = sourcecode.swift; path = "UIFont + Extension.swift"; sourceTree = "<group>"; };
		ACAF1B682845265E00BD7991 /* Accessoryable.swift */ = {isa = PBXFileReference; lastKnownFileType = sourcecode.swift; path = Accessoryable.swift; sourceTree = "<group>"; };
		ACB73C37283E7BB5006B25EA /* CrawlManager.swift */ = {isa = PBXFileReference; lastKnownFileType = sourcecode.swift; path = CrawlManager.swift; sourceTree = "<group>"; };
		ACB73C3D283E81C2006B25EA /* CrawlManagerTest.xctest */ = {isa = PBXFileReference; explicitFileType = wrapper.cfbundle; includeInIndex = 0; path = CrawlManagerTest.xctest; sourceTree = BUILT_PRODUCTS_DIR; };
		ACB73C3F283E81C2006B25EA /* CrawlManagerTest.swift */ = {isa = PBXFileReference; lastKnownFileType = sourcecode.swift; path = CrawlManagerTest.swift; sourceTree = "<group>"; };
		ACB73C47283E868F006B25EA /* String + Extension.swift */ = {isa = PBXFileReference; lastKnownFileType = sourcecode.swift; path = "String + Extension.swift"; sourceTree = "<group>"; };
		ACB73C49283E8846006B25EA /* UserInfoModel.swift */ = {isa = PBXFileReference; lastKnownFileType = sourcecode.swift; path = UserInfoModel.swift; sourceTree = "<group>"; };
		ACB73C4B283E9196006B25EA /* UserInfoViewController.swift */ = {isa = PBXFileReference; lastKnownFileType = sourcecode.swift; path = UserInfoViewController.swift; sourceTree = "<group>"; };
		ACCB6553284501E5008FFF9A /* ONE-Mobile-Bold.ttf */ = {isa = PBXFileReference; lastKnownFileType = file; path = "ONE-Mobile-Bold.ttf"; sourceTree = "<group>"; };
		ACCB6554284501E5008FFF9A /* ONE-Mobile-Light.ttf */ = {isa = PBXFileReference; lastKnownFileType = file; path = "ONE-Mobile-Light.ttf"; sourceTree = "<group>"; };
		ACCB6555284501E5008FFF9A /* ONE-Mobile-Regular.ttf */ = {isa = PBXFileReference; lastKnownFileType = file; path = "ONE-Mobile-Regular.ttf"; sourceTree = "<group>"; };
		ACD34D52283F6FE200A5AA72 /* MianUserTVCell.swift */ = {isa = PBXFileReference; lastKnownFileType = sourcecode.swift; path = MianUserTVCell.swift; sourceTree = "<group>"; };
		ACD34D53283F6FE200A5AA72 /* MianUserTVCell.xib */ = {isa = PBXFileReference; lastKnownFileType = file.xib; path = MianUserTVCell.xib; sourceTree = "<group>"; };
		ACD9267E283B3A970026985C /* LOARANG.app */ = {isa = PBXFileReference; explicitFileType = wrapper.application; includeInIndex = 0; path = LOARANG.app; sourceTree = BUILT_PRODUCTS_DIR; };
		ACD92681283B3A970026985C /* AppDelegate.swift */ = {isa = PBXFileReference; lastKnownFileType = sourcecode.swift; path = AppDelegate.swift; sourceTree = "<group>"; };
		ACD92683283B3A970026985C /* SceneDelegate.swift */ = {isa = PBXFileReference; lastKnownFileType = sourcecode.swift; path = SceneDelegate.swift; sourceTree = "<group>"; };
		ACD92685283B3A970026985C /* MainViewController.swift */ = {isa = PBXFileReference; lastKnownFileType = sourcecode.swift; path = MainViewController.swift; sourceTree = "<group>"; };
		ACD92688283B3A970026985C /* Base */ = {isa = PBXFileReference; lastKnownFileType = file.storyboard; name = Base; path = Base.lproj/Main.storyboard; sourceTree = "<group>"; };
		ACD9268A283B3A970026985C /* Assets.xcassets */ = {isa = PBXFileReference; lastKnownFileType = folder.assetcatalog; path = Assets.xcassets; sourceTree = "<group>"; };
		ACD9268D283B3A970026985C /* Base */ = {isa = PBXFileReference; lastKnownFileType = file.storyboard; name = Base; path = Base.lproj/LaunchScreen.storyboard; sourceTree = "<group>"; };
		ACD9268F283B3A970026985C /* Info.plist */ = {isa = PBXFileReference; lastKnownFileType = text.plist.xml; path = Info.plist; sourceTree = "<group>"; };
		ACEE2DD8284EE47B0032B136 /* CrawlError.swift */ = {isa = PBXFileReference; lastKnownFileType = sourcecode.swift; path = CrawlError.swift; sourceTree = "<group>"; };
		ACEE2DE0284EFC9B0032B136 /* BasicInfoTVCell.swift */ = {isa = PBXFileReference; lastKnownFileType = sourcecode.swift; path = BasicInfoTVCell.swift; sourceTree = "<group>"; };
		ACEE2DE1284EFC9B0032B136 /* BasicInfoTVCell.xib */ = {isa = PBXFileReference; lastKnownFileType = file.xib; path = BasicInfoTVCell.xib; sourceTree = "<group>"; };
/* End PBXFileReference section */

/* Begin PBXFrameworksBuildPhase section */
		ACB73C3A283E81C2006B25EA /* Frameworks */ = {
			isa = PBXFrameworksBuildPhase;
			buildActionMask = 2147483647;
			files = (
			);
			runOnlyForDeploymentPostprocessing = 0;
		};
		ACD9267B283B3A970026985C /* Frameworks */ = {
			isa = PBXFrameworksBuildPhase;
			buildActionMask = 2147483647;
			files = (
				E9F3B5CEB0F4F431AB6934C4 /* Pods_LOARANG.framework in Frameworks */,
			);
			runOnlyForDeploymentPostprocessing = 0;
		};
/* End PBXFrameworksBuildPhase section */

/* Begin PBXGroup section */
		60D40BA2CA09A6A764C2E169 /* Frameworks */ = {
			isa = PBXGroup;
			children = (
				02C14C631BAF65479E128D06 /* Pods_LOARANG.framework */,
			);
			name = Frameworks;
			sourceTree = "<group>";
		};
		81B7BAC7AD72578C29440671 /* Pods */ = {
			isa = PBXGroup;
			children = (
				85BE14C612AC81859F78A55C /* Pods-LOARANG.debug.xcconfig */,
				7C253EC8E4F80C72BD38420C /* Pods-LOARANG.release.xcconfig */,
			);
			path = Pods;
			sourceTree = "<group>";
		};
		AC1E3F492851B04D00462AA9 /* Setting */ = {
			isa = PBXGroup;
			children = (
				AC1E3F4A2851B08900462AA9 /* SettingViewController.swift */,
			);
			path = Setting;
			sourceTree = "<group>";
		};
		AC1E3F4C2851C37500462AA9 /* Home */ = {
			isa = PBXGroup;
			children = (
				ACD92685283B3A970026985C /* MainViewController.swift */,
				AC5F81DD283DE53D0006A2BB /* SearchViewController.swift */,
				ACB73C4B283E9196006B25EA /* UserInfoViewController.swift */,
			);
			path = Home;
			sourceTree = "<group>";
		};
		AC31A8D9283B3F2C00597055 /* Font */ = {
			isa = PBXGroup;
			children = (
				AC31A8DC283B3F4D00597055 /* BlackHanSans-Regular.ttf */,
				ACCB6553284501E5008FFF9A /* ONE-Mobile-Bold.ttf */,
				ACCB6554284501E5008FFF9A /* ONE-Mobile-Light.ttf */,
				ACCB6555284501E5008FFF9A /* ONE-Mobile-Regular.ttf */,
			);
			path = Font;
			sourceTree = "<group>";
		};
		AC5F81DA283DE4640006A2BB /* Model */ = {
			isa = PBXGroup;
			children = (
				ACAF1B672845249E00BD7991 /* Protocol */,
				ACB73C46283E867D006B25EA /* Extension */,
				ACB73C37283E7BB5006B25EA /* CrawlManager.swift */,
				AC39064A28508F2C00361391 /* BookmarkManager.swift */,
				ACEE2DD8284EE47B0032B136 /* CrawlError.swift */,
				ACB73C49283E8846006B25EA /* UserInfoModel.swift */,
			);
			path = Model;
			sourceTree = "<group>";
		};
		AC5F81DB283DE4700006A2BB /* View */ = {
			isa = PBXGroup;
			children = (
				ACD92687283B3A970026985C /* Main.storyboard */,
				ACEE2DDA284EF75D0032B136 /* Home */,
				ACD9268C283B3A970026985C /* LaunchScreen.storyboard */,
			);
			path = View;
			sourceTree = "<group>";
		};
		AC5F81DC283DE4760006A2BB /* Controller */ = {
			isa = PBXGroup;
			children = (
				AC1E3F4C2851C37500462AA9 /* Home */,
				AC1E3F492851B04D00462AA9 /* Setting */,
			);
			path = Controller;
			sourceTree = "<group>";
		};
		ACAF1B6428451C0800BD7991 /* MainUser */ = {
			isa = PBXGroup;
			children = (
				ACD34D53283F6FE200A5AA72 /* MianUserTVCell.xib */,
				ACD34D52283F6FE200A5AA72 /* MianUserTVCell.swift */,
			);
			path = MainUser;
			sourceTree = "<group>";
		};
		ACAF1B6528451C2000BD7991 /* Bookmark */ = {
			isa = PBXGroup;
			children = (
				AC31A8E7283B925100597055 /* BookMarkTVCell.xib */,
				AC31A8E6283B925100597055 /* BookMarkTVCell.swift */,
				AC31A8E3283B8FDE00597055 /* BookMarkCVCell.xib */,
				AC31A8E2283B8FDE00597055 /* BookMarkCVCell.swift */,
			);
			path = Bookmark;
			sourceTree = "<group>";
		};
		ACAF1B6628451D3400BD7991 /* UserInfo */ = {
			isa = PBXGroup;
			children = (
				ACEE2DE1284EFC9B0032B136 /* BasicInfoTVCell.xib */,
				ACEE2DE0284EFC9B0032B136 /* BasicInfoTVCell.swift */,
				AC740CA4284F444B0015562C /* BasicAbilityTVCell.xib */,
				AC740CA3284F444B0015562C /* BasicAbilityTVCell.swift */,
			);
			path = UserInfo;
			sourceTree = "<group>";
		};
		ACAF1B672845249E00BD7991 /* Protocol */ = {
			isa = PBXGroup;
			children = (
				ACAF1B682845265E00BD7991 /* Accessoryable.swift */,
			);
			path = Protocol;
			sourceTree = "<group>";
		};
		ACB73C3E283E81C2006B25EA /* CrawlManagerTest */ = {
			isa = PBXGroup;
			children = (
				ACB73C3F283E81C2006B25EA /* CrawlManagerTest.swift */,
			);
			path = CrawlManagerTest;
			sourceTree = "<group>";
		};
		ACB73C46283E867D006B25EA /* Extension */ = {
			isa = PBXGroup;
			children = (
				ACB73C47283E868F006B25EA /* String + Extension.swift */,
				AC39064E2851125200361391 /* Notification.Name + Extension.swift */,
				ACAF1B60284504A000BD7991 /* UIFont + Extension.swift */,
				AC39064C2850ED3F00361391 /* UIButton + Extension.swift */,
			);
			path = Extension;
			sourceTree = "<group>";
		};
		ACD92675283B3A970026985C = {
			isa = PBXGroup;
			children = (
				ACD92680283B3A970026985C /* LOARANG */,
				ACB73C3E283E81C2006B25EA /* CrawlManagerTest */,
				ACD9267F283B3A970026985C /* Products */,
				81B7BAC7AD72578C29440671 /* Pods */,
				60D40BA2CA09A6A764C2E169 /* Frameworks */,
			);
			sourceTree = "<group>";
		};
		ACD9267F283B3A970026985C /* Products */ = {
			isa = PBXGroup;
			children = (
				ACD9267E283B3A970026985C /* LOARANG.app */,
				ACB73C3D283E81C2006B25EA /* CrawlManagerTest.xctest */,
			);
			name = Products;
			sourceTree = "<group>";
		};
		ACD92680283B3A970026985C /* LOARANG */ = {
			isa = PBXGroup;
			children = (
				AC5F81DA283DE4640006A2BB /* Model */,
				AC5F81DB283DE4700006A2BB /* View */,
				AC5F81DC283DE4760006A2BB /* Controller */,
				ACD92681283B3A970026985C /* AppDelegate.swift */,
				ACD92683283B3A970026985C /* SceneDelegate.swift */,
				AC31A8D9283B3F2C00597055 /* Font */,
				ACD9268A283B3A970026985C /* Assets.xcassets */,
				ACD9268F283B3A970026985C /* Info.plist */,
			);
			path = LOARANG;
			sourceTree = "<group>";
		};
		ACEE2DDA284EF75D0032B136 /* Home */ = {
			isa = PBXGroup;
			children = (
				ACAF1B6428451C0800BD7991 /* MainUser */,
				ACAF1B6528451C2000BD7991 /* Bookmark */,
				ACAF1B6628451D3400BD7991 /* UserInfo */,
			);
			path = Home;
			sourceTree = "<group>";
		};
/* End PBXGroup section */

/* Begin PBXNativeTarget section */
		ACB73C3C283E81C2006B25EA /* CrawlManagerTest */ = {
			isa = PBXNativeTarget;
			buildConfigurationList = ACB73C43283E81C2006B25EA /* Build configuration list for PBXNativeTarget "CrawlManagerTest" */;
			buildPhases = (
				ACB73C39283E81C2006B25EA /* Sources */,
				ACB73C3A283E81C2006B25EA /* Frameworks */,
				ACB73C3B283E81C2006B25EA /* Resources */,
			);
			buildRules = (
			);
			dependencies = (
				ACB73C42283E81C2006B25EA /* PBXTargetDependency */,
			);
			name = CrawlManagerTest;
			productName = CrawlManagerTest;
			productReference = ACB73C3D283E81C2006B25EA /* CrawlManagerTest.xctest */;
			productType = "com.apple.product-type.bundle.unit-test";
		};
		ACD9267D283B3A970026985C /* LOARANG */ = {
			isa = PBXNativeTarget;
			buildConfigurationList = ACD92692283B3A970026985C /* Build configuration list for PBXNativeTarget "LOARANG" */;
			buildPhases = (
				525688BCCC17EF45A1D42004 /* [CP] Check Pods Manifest.lock */,
				ACD9267A283B3A970026985C /* Sources */,
				ACD9267B283B3A970026985C /* Frameworks */,
				ACD9267C283B3A970026985C /* Resources */,
				AC3DDE2E27D3A7519AD660AA /* [CP] Embed Pods Frameworks */,
			);
			buildRules = (
			);
			dependencies = (
			);
			name = LOARANG;
			productName = LOARANG;
			productReference = ACD9267E283B3A970026985C /* LOARANG.app */;
			productType = "com.apple.product-type.application";
		};
/* End PBXNativeTarget section */

/* Begin PBXProject section */
		ACD92676283B3A970026985C /* Project object */ = {
			isa = PBXProject;
			attributes = {
				BuildIndependentTargetsInParallel = 1;
				LastSwiftUpdateCheck = 1330;
				LastUpgradeCheck = 1330;
				TargetAttributes = {
					ACB73C3C283E81C2006B25EA = {
						CreatedOnToolsVersion = 13.3.1;
						TestTargetID = ACD9267D283B3A970026985C;
					};
					ACD9267D283B3A970026985C = {
						CreatedOnToolsVersion = 13.3.1;
					};
				};
			};
			buildConfigurationList = ACD92679283B3A970026985C /* Build configuration list for PBXProject "LOARANG" */;
			compatibilityVersion = "Xcode 13.0";
			developmentRegion = en;
			hasScannedForEncodings = 0;
			knownRegions = (
				en,
				Base,
			);
			mainGroup = ACD92675283B3A970026985C;
			productRefGroup = ACD9267F283B3A970026985C /* Products */;
			projectDirPath = "";
			projectRoot = "";
			targets = (
				ACD9267D283B3A970026985C /* LOARANG */,
				ACB73C3C283E81C2006B25EA /* CrawlManagerTest */,
			);
		};
/* End PBXProject section */

/* Begin PBXResourcesBuildPhase section */
		ACB73C3B283E81C2006B25EA /* Resources */ = {
			isa = PBXResourcesBuildPhase;
			buildActionMask = 2147483647;
			files = (
			);
			runOnlyForDeploymentPostprocessing = 0;
		};
		ACD9267C283B3A970026985C /* Resources */ = {
			isa = PBXResourcesBuildPhase;
			buildActionMask = 2147483647;
			files = (
				ACEE2DE3284EFC9B0032B136 /* BasicInfoTVCell.xib in Resources */,
				ACCB6558284501E5008FFF9A /* ONE-Mobile-Regular.ttf in Resources */,
				ACCB6557284501E5008FFF9A /* ONE-Mobile-Light.ttf in Resources */,
				AC31A8DD283B3F4D00597055 /* BlackHanSans-Regular.ttf in Resources */,
				ACD34D55283F6FE200A5AA72 /* MianUserTVCell.xib in Resources */,
				AC740CA6284F444B0015562C /* BasicAbilityTVCell.xib in Resources */,
				AC31A8E9283B925100597055 /* BookMarkTVCell.xib in Resources */,
				ACD9268E283B3A970026985C /* LaunchScreen.storyboard in Resources */,
				ACD9268B283B3A970026985C /* Assets.xcassets in Resources */,
				AC31A8E5283B8FDE00597055 /* BookMarkCVCell.xib in Resources */,
				ACCB6556284501E5008FFF9A /* ONE-Mobile-Bold.ttf in Resources */,
				ACD92689283B3A970026985C /* Main.storyboard in Resources */,
			);
			runOnlyForDeploymentPostprocessing = 0;
		};
/* End PBXResourcesBuildPhase section */

/* Begin PBXShellScriptBuildPhase section */
		525688BCCC17EF45A1D42004 /* [CP] Check Pods Manifest.lock */ = {
			isa = PBXShellScriptBuildPhase;
			buildActionMask = 2147483647;
			files = (
			);
			inputFileListPaths = (
			);
			inputPaths = (
				"${PODS_PODFILE_DIR_PATH}/Podfile.lock",
				"${PODS_ROOT}/Manifest.lock",
			);
			name = "[CP] Check Pods Manifest.lock";
			outputFileListPaths = (
			);
			outputPaths = (
				"$(DERIVED_FILE_DIR)/Pods-LOARANG-checkManifestLockResult.txt",
			);
			runOnlyForDeploymentPostprocessing = 0;
			shellPath = /bin/sh;
			shellScript = "diff \"${PODS_PODFILE_DIR_PATH}/Podfile.lock\" \"${PODS_ROOT}/Manifest.lock\" > /dev/null\nif [ $? != 0 ] ; then\n    # print error to STDERR\n    echo \"error: The sandbox is not in sync with the Podfile.lock. Run 'pod install' or update your CocoaPods installation.\" >&2\n    exit 1\nfi\n# This output is used by Xcode 'outputs' to avoid re-running this script phase.\necho \"SUCCESS\" > \"${SCRIPT_OUTPUT_FILE_0}\"\n";
			showEnvVarsInLog = 0;
		};
		AC3DDE2E27D3A7519AD660AA /* [CP] Embed Pods Frameworks */ = {
			isa = PBXShellScriptBuildPhase;
			buildActionMask = 2147483647;
			files = (
			);
			inputFileListPaths = (
				"${PODS_ROOT}/Target Support Files/Pods-LOARANG/Pods-LOARANG-frameworks-${CONFIGURATION}-input-files.xcfilelist",
			);
			name = "[CP] Embed Pods Frameworks";
			outputFileListPaths = (
				"${PODS_ROOT}/Target Support Files/Pods-LOARANG/Pods-LOARANG-frameworks-${CONFIGURATION}-output-files.xcfilelist",
			);
			runOnlyForDeploymentPostprocessing = 0;
			shellPath = /bin/sh;
			shellScript = "\"${PODS_ROOT}/Target Support Files/Pods-LOARANG/Pods-LOARANG-frameworks.sh\"\n";
			showEnvVarsInLog = 0;
		};
/* End PBXShellScriptBuildPhase section */

/* Begin PBXSourcesBuildPhase section */
		ACB73C39283E81C2006B25EA /* Sources */ = {
			isa = PBXSourcesBuildPhase;
			buildActionMask = 2147483647;
			files = (
				ACB73C40283E81C2006B25EA /* CrawlManagerTest.swift in Sources */,
			);
			runOnlyForDeploymentPostprocessing = 0;
		};
		ACD9267A283B3A970026985C /* Sources */ = {
			isa = PBXSourcesBuildPhase;
			buildActionMask = 2147483647;
			files = (
				ACB73C4A283E8846006B25EA /* UserInfoModel.swift in Sources */,
				AC39064F2851125200361391 /* Notification.Name + Extension.swift in Sources */,
				ACD34D54283F6FE200A5AA72 /* MianUserTVCell.swift in Sources */,
				AC39064B28508F2C00361391 /* BookmarkManager.swift in Sources */,
				AC5F81DE283DE53D0006A2BB /* SearchViewController.swift in Sources */,
				ACD92686283B3A970026985C /* MainViewController.swift in Sources */,
				AC39064D2850ED3F00361391 /* UIButton + Extension.swift in Sources */,
				ACB73C48283E868F006B25EA /* String + Extension.swift in Sources */,
				ACEE2DD9284EE47B0032B136 /* CrawlError.swift in Sources */,
				ACAF1B61284504A000BD7991 /* UIFont + Extension.swift in Sources */,
				ACEE2DE2284EFC9B0032B136 /* BasicInfoTVCell.swift in Sources */,
				AC31A8E8283B925100597055 /* BookMarkTVCell.swift in Sources */,
				ACD92682283B3A970026985C /* AppDelegate.swift in Sources */,
				ACD92684283B3A970026985C /* SceneDelegate.swift in Sources */,
				ACAF1B692845265E00BD7991 /* Accessoryable.swift in Sources */,
				AC1E3F4B2851B08900462AA9 /* SettingViewController.swift in Sources */,
				ACB73C4C283E9196006B25EA /* UserInfoViewController.swift in Sources */,
				AC740CA5284F444B0015562C /* BasicAbilityTVCell.swift in Sources */,
				AC31A8E4283B8FDE00597055 /* BookMarkCVCell.swift in Sources */,
				ACB73C38283E7BB5006B25EA /* CrawlManager.swift in Sources */,
			);
			runOnlyForDeploymentPostprocessing = 0;
		};
/* End PBXSourcesBuildPhase section */

/* Begin PBXTargetDependency section */
		ACB73C42283E81C2006B25EA /* PBXTargetDependency */ = {
			isa = PBXTargetDependency;
			target = ACD9267D283B3A970026985C /* LOARANG */;
			targetProxy = ACB73C41283E81C2006B25EA /* PBXContainerItemProxy */;
		};
/* End PBXTargetDependency section */

/* Begin PBXVariantGroup section */
		ACD92687283B3A970026985C /* Main.storyboard */ = {
			isa = PBXVariantGroup;
			children = (
				ACD92688283B3A970026985C /* Base */,
			);
			name = Main.storyboard;
			sourceTree = "<group>";
		};
		ACD9268C283B3A970026985C /* LaunchScreen.storyboard */ = {
			isa = PBXVariantGroup;
			children = (
				ACD9268D283B3A970026985C /* Base */,
			);
			name = LaunchScreen.storyboard;
			sourceTree = "<group>";
		};
/* End PBXVariantGroup section */

/* Begin XCBuildConfiguration section */
		ACB73C44283E81C2006B25EA /* Debug */ = {
			isa = XCBuildConfiguration;
			buildSettings = {
				BUNDLE_LOADER = "$(TEST_HOST)";
				CODE_SIGN_STYLE = Automatic;
				CURRENT_PROJECT_VERSION = 1;
				DEVELOPMENT_TEAM = SD8J3B58T9;
				GENERATE_INFOPLIST_FILE = YES;
				IPHONEOS_DEPLOYMENT_TARGET = 15.4;
				MARKETING_VERSION = 1.0;
				PRODUCT_BUNDLE_IDENTIFIER = Doogie.CrawlManagerTest;
				PRODUCT_NAME = "$(TARGET_NAME)";
				SWIFT_EMIT_LOC_STRINGS = NO;
				SWIFT_VERSION = 5.0;
				TARGETED_DEVICE_FAMILY = "1,2";
				TEST_HOST = "$(BUILT_PRODUCTS_DIR)/LOARANG.app/LOARANG";
			};
			name = Debug;
		};
		ACB73C45283E81C2006B25EA /* Release */ = {
			isa = XCBuildConfiguration;
			buildSettings = {
				BUNDLE_LOADER = "$(TEST_HOST)";
				CODE_SIGN_STYLE = Automatic;
				CURRENT_PROJECT_VERSION = 1;
				DEVELOPMENT_TEAM = SD8J3B58T9;
				GENERATE_INFOPLIST_FILE = YES;
				IPHONEOS_DEPLOYMENT_TARGET = 15.4;
				MARKETING_VERSION = 1.0;
				PRODUCT_BUNDLE_IDENTIFIER = Doogie.CrawlManagerTest;
				PRODUCT_NAME = "$(TARGET_NAME)";
				SWIFT_EMIT_LOC_STRINGS = NO;
				SWIFT_VERSION = 5.0;
				TARGETED_DEVICE_FAMILY = "1,2";
				TEST_HOST = "$(BUILT_PRODUCTS_DIR)/LOARANG.app/LOARANG";
			};
			name = Release;
		};
		ACD92690283B3A970026985C /* Debug */ = {
			isa = XCBuildConfiguration;
			buildSettings = {
				ALWAYS_SEARCH_USER_PATHS = NO;
				CLANG_ANALYZER_NONNULL = YES;
				CLANG_ANALYZER_NUMBER_OBJECT_CONVERSION = YES_AGGRESSIVE;
				CLANG_CXX_LANGUAGE_STANDARD = "gnu++17";
				CLANG_ENABLE_MODULES = YES;
				CLANG_ENABLE_OBJC_ARC = YES;
				CLANG_ENABLE_OBJC_WEAK = YES;
				CLANG_WARN_BLOCK_CAPTURE_AUTORELEASING = YES;
				CLANG_WARN_BOOL_CONVERSION = YES;
				CLANG_WARN_COMMA = YES;
				CLANG_WARN_CONSTANT_CONVERSION = YES;
				CLANG_WARN_DEPRECATED_OBJC_IMPLEMENTATIONS = YES;
				CLANG_WARN_DIRECT_OBJC_ISA_USAGE = YES_ERROR;
				CLANG_WARN_DOCUMENTATION_COMMENTS = YES;
				CLANG_WARN_EMPTY_BODY = YES;
				CLANG_WARN_ENUM_CONVERSION = YES;
				CLANG_WARN_INFINITE_RECURSION = YES;
				CLANG_WARN_INT_CONVERSION = YES;
				CLANG_WARN_NON_LITERAL_NULL_CONVERSION = YES;
				CLANG_WARN_OBJC_IMPLICIT_RETAIN_SELF = YES;
				CLANG_WARN_OBJC_LITERAL_CONVERSION = YES;
				CLANG_WARN_OBJC_ROOT_CLASS = YES_ERROR;
				CLANG_WARN_QUOTED_INCLUDE_IN_FRAMEWORK_HEADER = YES;
				CLANG_WARN_RANGE_LOOP_ANALYSIS = YES;
				CLANG_WARN_STRICT_PROTOTYPES = YES;
				CLANG_WARN_SUSPICIOUS_MOVE = YES;
				CLANG_WARN_UNGUARDED_AVAILABILITY = YES_AGGRESSIVE;
				CLANG_WARN_UNREACHABLE_CODE = YES;
				CLANG_WARN__DUPLICATE_METHOD_MATCH = YES;
				COPY_PHASE_STRIP = NO;
				DEBUG_INFORMATION_FORMAT = dwarf;
				ENABLE_STRICT_OBJC_MSGSEND = YES;
				ENABLE_TESTABILITY = YES;
				GCC_C_LANGUAGE_STANDARD = gnu11;
				GCC_DYNAMIC_NO_PIC = NO;
				GCC_NO_COMMON_BLOCKS = YES;
				GCC_OPTIMIZATION_LEVEL = 0;
				GCC_PREPROCESSOR_DEFINITIONS = (
					"DEBUG=1",
					"$(inherited)",
				);
				GCC_WARN_64_TO_32_BIT_CONVERSION = YES;
				GCC_WARN_ABOUT_RETURN_TYPE = YES_ERROR;
				GCC_WARN_UNDECLARED_SELECTOR = YES;
				GCC_WARN_UNINITIALIZED_AUTOS = YES_AGGRESSIVE;
				GCC_WARN_UNUSED_FUNCTION = YES;
				GCC_WARN_UNUSED_VARIABLE = YES;
				IPHONEOS_DEPLOYMENT_TARGET = 14.0;
				MTL_ENABLE_DEBUG_INFO = INCLUDE_SOURCE;
				MTL_FAST_MATH = YES;
				ONLY_ACTIVE_ARCH = YES;
				SDKROOT = iphoneos;
				SWIFT_ACTIVE_COMPILATION_CONDITIONS = DEBUG;
				SWIFT_OPTIMIZATION_LEVEL = "-Onone";
			};
			name = Debug;
		};
		ACD92691283B3A970026985C /* Release */ = {
			isa = XCBuildConfiguration;
			buildSettings = {
				ALWAYS_SEARCH_USER_PATHS = NO;
				CLANG_ANALYZER_NONNULL = YES;
				CLANG_ANALYZER_NUMBER_OBJECT_CONVERSION = YES_AGGRESSIVE;
				CLANG_CXX_LANGUAGE_STANDARD = "gnu++17";
				CLANG_ENABLE_MODULES = YES;
				CLANG_ENABLE_OBJC_ARC = YES;
				CLANG_ENABLE_OBJC_WEAK = YES;
				CLANG_WARN_BLOCK_CAPTURE_AUTORELEASING = YES;
				CLANG_WARN_BOOL_CONVERSION = YES;
				CLANG_WARN_COMMA = YES;
				CLANG_WARN_CONSTANT_CONVERSION = YES;
				CLANG_WARN_DEPRECATED_OBJC_IMPLEMENTATIONS = YES;
				CLANG_WARN_DIRECT_OBJC_ISA_USAGE = YES_ERROR;
				CLANG_WARN_DOCUMENTATION_COMMENTS = YES;
				CLANG_WARN_EMPTY_BODY = YES;
				CLANG_WARN_ENUM_CONVERSION = YES;
				CLANG_WARN_INFINITE_RECURSION = YES;
				CLANG_WARN_INT_CONVERSION = YES;
				CLANG_WARN_NON_LITERAL_NULL_CONVERSION = YES;
				CLANG_WARN_OBJC_IMPLICIT_RETAIN_SELF = YES;
				CLANG_WARN_OBJC_LITERAL_CONVERSION = YES;
				CLANG_WARN_OBJC_ROOT_CLASS = YES_ERROR;
				CLANG_WARN_QUOTED_INCLUDE_IN_FRAMEWORK_HEADER = YES;
				CLANG_WARN_RANGE_LOOP_ANALYSIS = YES;
				CLANG_WARN_STRICT_PROTOTYPES = YES;
				CLANG_WARN_SUSPICIOUS_MOVE = YES;
				CLANG_WARN_UNGUARDED_AVAILABILITY = YES_AGGRESSIVE;
				CLANG_WARN_UNREACHABLE_CODE = YES;
				CLANG_WARN__DUPLICATE_METHOD_MATCH = YES;
				COPY_PHASE_STRIP = NO;
				DEBUG_INFORMATION_FORMAT = "dwarf-with-dsym";
				ENABLE_NS_ASSERTIONS = NO;
				ENABLE_STRICT_OBJC_MSGSEND = YES;
				GCC_C_LANGUAGE_STANDARD = gnu11;
				GCC_NO_COMMON_BLOCKS = YES;
				GCC_WARN_64_TO_32_BIT_CONVERSION = YES;
				GCC_WARN_ABOUT_RETURN_TYPE = YES_ERROR;
				GCC_WARN_UNDECLARED_SELECTOR = YES;
				GCC_WARN_UNINITIALIZED_AUTOS = YES_AGGRESSIVE;
				GCC_WARN_UNUSED_FUNCTION = YES;
				GCC_WARN_UNUSED_VARIABLE = YES;
				IPHONEOS_DEPLOYMENT_TARGET = 14.0;
				MTL_ENABLE_DEBUG_INFO = NO;
				MTL_FAST_MATH = YES;
				SDKROOT = iphoneos;
				SWIFT_COMPILATION_MODE = wholemodule;
				SWIFT_OPTIMIZATION_LEVEL = "-O";
				VALIDATE_PRODUCT = YES;
			};
			name = Release;
		};
		ACD92693283B3A970026985C /* Debug */ = {
			isa = XCBuildConfiguration;
			baseConfigurationReference = 85BE14C612AC81859F78A55C /* Pods-LOARANG.debug.xcconfig */;
			buildSettings = {
				ASSETCATALOG_COMPILER_APPICON_NAME = AppIcon;
				ASSETCATALOG_COMPILER_GLOBAL_ACCENT_COLOR_NAME = AccentColor;
				CODE_SIGN_STYLE = Automatic;
				CURRENT_PROJECT_VERSION = 1;
				DEVELOPMENT_TEAM = SD8J3B58T9;
				GENERATE_INFOPLIST_FILE = YES;
				INFOPLIST_FILE = LOARANG/Info.plist;
				INFOPLIST_KEY_UIApplicationSupportsIndirectInputEvents = YES;
				INFOPLIST_KEY_UILaunchStoryboardName = LaunchScreen;
				INFOPLIST_KEY_UIMainStoryboardFile = Main;
				INFOPLIST_KEY_UISupportedInterfaceOrientations_iPad = "UIInterfaceOrientationPortrait UIInterfaceOrientationPortraitUpsideDown UIInterfaceOrientationLandscapeLeft UIInterfaceOrientationLandscapeRight";
				INFOPLIST_KEY_UISupportedInterfaceOrientations_iPhone = "UIInterfaceOrientationPortrait UIInterfaceOrientationLandscapeLeft UIInterfaceOrientationLandscapeRight";
				LD_RUNPATH_SEARCH_PATHS = (
					"$(inherited)",
					"@executable_path/Frameworks",
				);
				MARKETING_VERSION = 1.0;
				PRODUCT_BUNDLE_IDENTIFIER = Doogie.LOARANG;
				PRODUCT_NAME = "$(TARGET_NAME)";
				SWIFT_EMIT_LOC_STRINGS = YES;
				SWIFT_VERSION = 5.0;
				TARGETED_DEVICE_FAMILY = "1,2";
			};
			name = Debug;
		};
		ACD92694283B3A970026985C /* Release */ = {
			isa = XCBuildConfiguration;
			baseConfigurationReference = 7C253EC8E4F80C72BD38420C /* Pods-LOARANG.release.xcconfig */;
			buildSettings = {
				ASSETCATALOG_COMPILER_APPICON_NAME = AppIcon;
				ASSETCATALOG_COMPILER_GLOBAL_ACCENT_COLOR_NAME = AccentColor;
				CODE_SIGN_STYLE = Automatic;
				CURRENT_PROJECT_VERSION = 1;
				DEVELOPMENT_TEAM = SD8J3B58T9;
				GENERATE_INFOPLIST_FILE = YES;
				INFOPLIST_FILE = LOARANG/Info.plist;
				INFOPLIST_KEY_UIApplicationSupportsIndirectInputEvents = YES;
				INFOPLIST_KEY_UILaunchStoryboardName = LaunchScreen;
				INFOPLIST_KEY_UIMainStoryboardFile = Main;
				INFOPLIST_KEY_UISupportedInterfaceOrientations_iPad = "UIInterfaceOrientationPortrait UIInterfaceOrientationPortraitUpsideDown UIInterfaceOrientationLandscapeLeft UIInterfaceOrientationLandscapeRight";
				INFOPLIST_KEY_UISupportedInterfaceOrientations_iPhone = "UIInterfaceOrientationPortrait UIInterfaceOrientationLandscapeLeft UIInterfaceOrientationLandscapeRight";
				LD_RUNPATH_SEARCH_PATHS = (
					"$(inherited)",
					"@executable_path/Frameworks",
				);
				MARKETING_VERSION = 1.0;
				PRODUCT_BUNDLE_IDENTIFIER = Doogie.LOARANG;
				PRODUCT_NAME = "$(TARGET_NAME)";
				SWIFT_EMIT_LOC_STRINGS = YES;
				SWIFT_VERSION = 5.0;
				TARGETED_DEVICE_FAMILY = "1,2";
			};
			name = Release;
		};
/* End XCBuildConfiguration section */

/* Begin XCConfigurationList section */
		ACB73C43283E81C2006B25EA /* Build configuration list for PBXNativeTarget "CrawlManagerTest" */ = {
			isa = XCConfigurationList;
			buildConfigurations = (
				ACB73C44283E81C2006B25EA /* Debug */,
				ACB73C45283E81C2006B25EA /* Release */,
			);
			defaultConfigurationIsVisible = 0;
			defaultConfigurationName = Release;
		};
		ACD92679283B3A970026985C /* Build configuration list for PBXProject "LOARANG" */ = {
			isa = XCConfigurationList;
			buildConfigurations = (
				ACD92690283B3A970026985C /* Debug */,
				ACD92691283B3A970026985C /* Release */,
			);
			defaultConfigurationIsVisible = 0;
			defaultConfigurationName = Release;
		};
		ACD92692283B3A970026985C /* Build configuration list for PBXNativeTarget "LOARANG" */ = {
			isa = XCConfigurationList;
			buildConfigurations = (
				ACD92693283B3A970026985C /* Debug */,
				ACD92694283B3A970026985C /* Release */,
			);
			defaultConfigurationIsVisible = 0;
			defaultConfigurationName = Release;
		};
/* End XCConfigurationList section */
	};
	rootObject = ACD92676283B3A970026985C /* Project object */;
}
